<?xml version="1.0" encoding="utf-8"?>
<Project ToolsVersion="4.0" xmlns="http://schemas.microsoft.com/developer/msbuild/2003">
  <ItemGroup>
    <Filter Include="Source Files">
      <UniqueIdentifier>{b484569f-a8c6-470e-8fc0-310fae62332e}</UniqueIdentifier>
      <Extensions>cpp;c;cxx;rc;def;r;odl;hpj;bat;for;f90</Extensions>
    </Filter>
    <Filter Include="Source Files\controls">
      <UniqueIdentifier>{c709c352-69af-474c-abcb-50efa9d1b6ab}</UniqueIdentifier>
    </Filter>
    <Filter Include="Lua">
      <UniqueIdentifier>{fc47fbfc-41b9-4e7b-8354-0fb3e976f407}</UniqueIdentifier>
    </Filter>
    <Filter Include="Lua\controls">
      <UniqueIdentifier>{681f28aa-0abf-4708-b625-d0205f84b18b}</UniqueIdentifier>
    </Filter>
    <Filter Include="Includes">
      <UniqueIdentifier>{747caeb2-28b0-4a15-a127-e6be7a49a92a}</UniqueIdentifier>
    </Filter>
  </ItemGroup>
  <ItemGroup>
    <ClCompile Include="..\..\srclua5\iuplua.c">
      <Filter>Source Files</Filter>
    </ClCompile>
    <ClCompile Include="..\..\srclua5\iuplua_api.c">
      <Filter>Source Files</Filter>
    </ClCompile>
    <ClCompile Include="..\..\srclua5\elem\il_detachbox.c">
      <Filter>Source Files\controls</Filter>
    </ClCompile>
    <ClCompile Include="..\..\srclua5\elem\il_dialog.c">
      <Filter>Source Files\controls</Filter>
    </ClCompile>
    <ClCompile Include="..\..\srclua5\elem\il_expander.c">
      <Filter>Source Files\controls</Filter>
    </ClCompile>
    <ClCompile Include="..\..\srclua5\elem\il_filedlg.c">
      <Filter>Source Files\controls</Filter>
    </ClCompile>
    <ClCompile Include="..\..\srclua5\elem\il_fill.c">
      <Filter>Source Files\controls</Filter>
    </ClCompile>
    <ClCompile Include="..\..\srclua5\elem\il_fontdlg.c">
      <Filter>Source Files\controls</Filter>
    </ClCompile>
    <ClCompile Include="..\..\srclua5\elem\il_frame.c">
      <Filter>Source Files\controls</Filter>
    </ClCompile>
    <ClCompile Include="..\..\srclua5\elem\il_gridbox.c">
      <Filter>Source Files\controls</Filter>
    </ClCompile>
    <ClCompile Include="..\..\srclua5\elem\il_hbox.c">
      <Filter>Source Files\controls</Filter>
    </ClCompile>
    <ClCompile Include="..\..\srclua5\elem\il_image.c">
      <Filter>Source Files\controls</Filter>
    </ClCompile>
    <ClCompile Include="..\..\srclua5\elem\il_imagergb.c">
      <Filter>Source Files\controls</Filter>
    </ClCompile>
    <ClCompile Include="..\..\srclua5\elem\il_imagergba.c">
      <Filter>Source Files\controls</Filter>
    </ClCompile>
    <ClCompile Include="..\..\srclua5\elem\il_item.c">
      <Filter>Source Files\controls</Filter>
    </ClCompile>
    <ClCompile Include="..\..\srclua5\elem\il_label.c">
      <Filter>Source Files\controls</Filter>
    </ClCompile>
    <ClCompile Include="..\..\srclua5\elem\il_link.c">
      <Filter>Source Files\controls</Filter>
    </ClCompile>
    <ClCompile Include="..\..\srclua5\elem\il_list.c">
      <Filter>Source Files\controls</Filter>
    </ClCompile>
    <ClCompile Include="..\..\srclua5\elem\il_menu.c">
      <Filter>Source Files\controls</Filter>
    </ClCompile>
    <ClCompile Include="..\..\srclua5\elem\il_messagedlg.c">
      <Filter>Source Files\controls</Filter>
    </ClCompile>
    <ClCompile Include="..\..\srclua5\elem\il_multiline.c">
      <Filter>Source Files\controls</Filter>
    </ClCompile>
    <ClCompile Include="..\..\srclua5\elem\il_normalizer.c">
      <Filter>Source Files\controls</Filter>
    </ClCompile>
    <ClCompile Include="..\..\srclua5\elem\il_progressbar.c">
      <Filter>Source Files\controls</Filter>
    </ClCompile>
    <ClCompile Include="..\..\srclua5\elem\il_progressdlg.c">
      <Filter>Source Files\controls</Filter>
    </ClCompile>
    <ClCompile Include="..\..\srclua5\elem\il_radio.c">
      <Filter>Source Files\controls</Filter>
    </ClCompile>
    <ClCompile Include="..\..\srclua5\elem\il_sbox.c">
      <Filter>Source Files\controls</Filter>
    </ClCompile>
    <ClCompile Include="..\..\srclua5\elem\il_scrollbox.c">
      <Filter>Source Files\controls</Filter>
    </ClCompile>
    <ClCompile Include="..\..\srclua5\elem\il_separator.c">
      <Filter>Source Files\controls</Filter>
    </ClCompile>
    <ClCompile Include="..\..\srclua5\elem\il_spin.c">
      <Filter>Source Files\controls</Filter>
    </ClCompile>
    <ClCompile Include="..\..\srclua5\elem\il_spinbox.c">
      <Filter>Source Files\controls</Filter>
    </ClCompile>
    <ClCompile Include="..\..\srclua5\elem\il_split.c">
      <Filter>Source Files\controls</Filter>
    </ClCompile>
    <ClCompile Include="..\..\srclua5\elem\il_submenu.c">
      <Filter>Source Files\controls</Filter>
    </ClCompile>
    <ClCompile Include="..\..\srclua5\elem\il_tabs.c">
      <Filter>Source Files\controls</Filter>
    </ClCompile>
    <ClCompile Include="..\..\srclua5\elem\il_text.c">
      <Filter>Source Files\controls</Filter>
    </ClCompile>
    <ClCompile Include="..\..\srclua5\elem\il_timer.c">
      <Filter>Source Files\controls</Filter>
    </ClCompile>
    <ClCompile Include="..\..\srclua5\elem\il_toggle.c">
      <Filter>Source Files\controls</Filter>
    </ClCompile>
    <ClCompile Include="..\..\srclua5\elem\il_tree.c">
      <Filter>Source Files\controls</Filter>
    </ClCompile>
    <ClCompile Include="..\..\srclua5\elem\il_user.c">
      <Filter>Source Files\controls</Filter>
    </ClCompile>
    <ClCompile Include="..\..\srclua5\elem\il_val.c">
      <Filter>Source Files\controls</Filter>
    </ClCompile>
    <ClCompile Include="..\..\srclua5\elem\il_vbox.c">
      <Filter>Source Files\controls</Filter>
    </ClCompile>
    <ClCompile Include="..\..\srclua5\elem\il_zbox.c">
      <Filter>Source Files\controls</Filter>
    </ClCompile>
    <ClCompile Include="..\..\srclua5\elem\il_backgroundbox.c">
      <Filter>Source Files\controls</Filter>
    </ClCompile>
    <ClCompile Include="..\..\srclua5\elem\il_button.c">
      <Filter>Source Files\controls</Filter>
    </ClCompile>
    <ClCompile Include="..\..\srclua5\elem\il_canvas.c">
      <Filter>Source Files\controls</Filter>
    </ClCompile>
    <ClCompile Include="..\..\srclua5\elem\il_cbox.c">
      <Filter>Source Files\controls</Filter>
    </ClCompile>
    <ClCompile Include="..\..\srclua5\elem\il_clipboard.c">
      <Filter>Source Files\controls</Filter>
    </ClCompile>
    <ClCompile Include="..\..\srclua5\elem\il_colordlg.c">
      <Filter>Source Files\controls</Filter>
    </ClCompile>
    <ClCompile Include="..\..\srclua5\iuplua_getcolor.c">
      <Filter>Source Files</Filter>
    </ClCompile>
    <ClCompile Include="..\..\srclua5\iuplua_getparam.c">
      <Filter>Source Files</Filter>
    </ClCompile>
    <ClCompile Include="..\..\srclua5\iuplua_scanf.c">
      <Filter>Source Files</Filter>
    </ClCompile>
    <ClCompile Include="..\..\srclua5\iuplua_tree_aux.c">
      <Filter>Source Files</Filter>
    </ClCompile>
    <ClCompile Include="..\..\srclua5\iuplua_config.c">
      <Filter>Source Files</Filter>
    </ClCompile>
    <ClCompile Include="..\..\srclua5\elem\il_flatbutton.c">
      <Filter>Source Files\controls</Filter>
    </ClCompile>
    <ClCompile Include="..\..\srclua5\elem\il_animatedlabel.c">
      <Filter>Source Files\controls</Filter>
    </ClCompile>
    <ClCompile Include="..\..\srclua5\elem\il_calendar.c">
      <Filter>Source Files\controls</Filter>
    </ClCompile>
    <ClCompile Include="..\..\srclua5\elem\il_datepick.c">
      <Filter>Source Files\controls</Filter>
    </ClCompile>
    <ClCompile Include="..\..\srclua5\elem\il_parambox.c">
      <Filter>Source Files\controls</Filter>
    </ClCompile>
    <ClCompile Include="..\..\srclua5\elem\il_param.c">
      <Filter>Source Files\controls</Filter>
    </ClCompile>
    <ClCompile Include="..\..\srclua5\iuplua_draw.c">
      <Filter>Source Files</Filter>
    </ClCompile>
    <ClCompile Include="..\..\srclua5\elem\il_flatframe.c">
      <Filter>Source Files\controls</Filter>
    </ClCompile>
    <ClCompile Include="..\..\srclua5\elem\il_flattabs.c">
      <Filter>Source Files\controls</Filter>
    </ClCompile>
  </ItemGroup>
  <ItemGroup>
    <None Include="..\..\srclua5\iuplua.def">
      <Filter>Source Files</Filter>
    </None>
    <None Include="..\..\srclua5\constants.lua">
      <Filter>Lua</Filter>
    </None>
    <None Include="..\..\srclua5\ctrl_template.lua">
      <Filter>Lua</Filter>
    </None>
    <None Include="..\..\srclua5\generator.lua">
      <Filter>Lua</Filter>
    </None>
    <None Include="..\..\srclua5\iuplua.lua">
      <Filter>Lua</Filter>
    </None>
    <None Include="..\..\srclua5\elem\button.lua">
      <Filter>Lua\controls</Filter>
    </None>
    <None Include="..\..\srclua5\elem\canvas.lua">
      <Filter>Lua\controls</Filter>
    </None>
    <None Include="..\..\srclua5\elem\cbox.lua">
      <Filter>Lua\controls</Filter>
    </None>
    <None Include="..\..\srclua5\elem\clipboard.lua">
      <Filter>Lua\controls</Filter>
    </None>
    <None Include="..\..\srclua5\elem\colordlg.lua">
      <Filter>Lua\controls</Filter>
    </None>
    <None Include="..\..\srclua5\elem\detachbox.lua">
      <Filter>Lua\controls</Filter>
    </None>
    <None Include="..\..\srclua5\elem\dialog.lua">
      <Filter>Lua\controls</Filter>
    </None>
    <None Include="..\..\srclua5\elem\expander.lua">
      <Filter>Lua\controls</Filter>
    </None>
    <None Include="..\..\srclua5\elem\filedlg.lua">
      <Filter>Lua\controls</Filter>
    </None>
    <None Include="..\..\srclua5\elem\fill.lua">
      <Filter>Lua\controls</Filter>
    </None>
    <None Include="..\..\srclua5\elem\fontdlg.lua">
      <Filter>Lua\controls</Filter>
    </None>
    <None Include="..\..\srclua5\elem\frame.lua">
      <Filter>Lua\controls</Filter>
    </None>
    <None Include="..\..\srclua5\elem\gridbox.lua">
      <Filter>Lua\controls</Filter>
    </None>
    <None Include="..\..\srclua5\elem\hbox.lua">
      <Filter>Lua\controls</Filter>
    </None>
    <None Include="..\..\srclua5\elem\image.lua">
      <Filter>Lua\controls</Filter>
    </None>
    <None Include="..\..\srclua5\elem\imagergb.lua">
      <Filter>Lua\controls</Filter>
    </None>
    <None Include="..\..\srclua5\elem\imagergba.lua">
      <Filter>Lua\controls</Filter>
    </None>
    <None Include="..\..\srclua5\elem\item.lua">
      <Filter>Lua\controls</Filter>
    </None>
    <None Include="..\..\srclua5\elem\label.lua">
      <Filter>Lua\controls</Filter>
    </None>
    <None Include="..\..\srclua5\elem\link.lua">
      <Filter>Lua\controls</Filter>
    </None>
    <None Include="..\..\srclua5\elem\list.lua">
      <Filter>Lua\controls</Filter>
    </None>
    <None Include="..\..\srclua5\elem\menu.lua">
      <Filter>Lua\controls</Filter>
    </None>
    <None Include="..\..\srclua5\elem\messagedlg.lua">
      <Filter>Lua\controls</Filter>
    </None>
    <None Include="..\..\srclua5\elem\multiline.lua">
      <Filter>Lua\controls</Filter>
    </None>
    <None Include="..\..\srclua5\elem\normalizer.lua">
      <Filter>Lua\controls</Filter>
    </None>
    <None Include="..\..\srclua5\elem\progressbar.lua">
      <Filter>Lua\controls</Filter>
    </None>
    <None Include="..\..\srclua5\elem\progressdlg.lua">
      <Filter>Lua\controls</Filter>
    </None>
    <None Include="..\..\srclua5\elem\radio.lua">
      <Filter>Lua\controls</Filter>
    </None>
    <None Include="..\..\srclua5\elem\sbox.lua">
      <Filter>Lua\controls</Filter>
    </None>
    <None Include="..\..\srclua5\elem\scrollbox.lua">
      <Filter>Lua\controls</Filter>
    </None>
    <None Include="..\..\srclua5\elem\separator.lua">
      <Filter>Lua\controls</Filter>
    </None>
    <None Include="..\..\srclua5\elem\spin.lua">
      <Filter>Lua\controls</Filter>
    </None>
    <None Include="..\..\srclua5\elem\spinbox.lua">
      <Filter>Lua\controls</Filter>
    </None>
    <None Include="..\..\srclua5\elem\split.lua">
      <Filter>Lua\controls</Filter>
    </None>
    <None Include="..\..\srclua5\elem\submenu.lua">
      <Filter>Lua\controls</Filter>
    </None>
    <None Include="..\..\srclua5\elem\tabs.lua">
      <Filter>Lua\controls</Filter>
    </None>
    <None Include="..\..\srclua5\elem\text.lua">
      <Filter>Lua\controls</Filter>
    </None>
    <None Include="..\..\srclua5\elem\timer.lua">
      <Filter>Lua\controls</Filter>
    </None>
    <None Include="..\..\srclua5\elem\toggle.lua">
      <Filter>Lua\controls</Filter>
    </None>
    <None Include="..\..\srclua5\elem\tree.lua">
      <Filter>Lua\controls</Filter>
    </None>
    <None Include="..\..\srclua5\elem\user.lua">
      <Filter>Lua\controls</Filter>
    </None>
    <None Include="..\..\srclua5\elem\val.lua">
      <Filter>Lua\controls</Filter>
    </None>
    <None Include="..\..\srclua5\elem\vbox.lua">
      <Filter>Lua\controls</Filter>
    </None>
    <None Include="..\..\srclua5\elem\zbox.lua">
      <Filter>Lua\controls</Filter>
    </None>
    <None Include="..\..\srclua5\elem\backgroundbox.lua">
      <Filter>Lua\controls</Filter>
    </None>
    <None Include="..\..\srclua5\elem\flatbutton.lua">
      <Filter>Lua\controls</Filter>
    </None>
    <None Include="..\..\srclua5\elem\animatedlabel.lua">
      <Filter>Lua\controls</Filter>
    </None>
    <None Include="..\..\srclua5\elem\calendar.lua">
      <Filter>Lua\controls</Filter>
    </None>
    <None Include="..\..\srclua5\elem\datepick.lua">
      <Filter>Lua\controls</Filter>
    </None>
    <None Include="..\..\srclua5\elem\param.lua">
      <Filter>Lua\controls</Filter>
    </None>
    <None Include="..\..\srclua5\elem\parambox.lua">
      <Filter>Lua\controls</Filter>
    </None>
    <None Include="..\..\srclua5\elem\flatframe.lua">
      <Filter>Lua\controls</Filter>
    </None>
    <None Include="..\..\srclua5\elem\flattabs.lua">
      <Filter>Lua\controls</Filter>
    </None>
  </ItemGroup>
  <ItemGroup>
    <ClInclude Include="..\..\srclua5\il.h">
      <Filter>Includes</Filter>
    </ClInclude>
    <ClInclude Include="..\..\include\iuplua.h">
      <Filter>Includes</Filter>
    </ClInclude>
  </ItemGroup>
</Project>