<?xml version="1.0" encoding="utf-8"?>
<Project ToolsVersion="4.0" xmlns="http://schemas.microsoft.com/developer/msbuild/2003">
  <ItemGroup>
    <Filter Include="Source Files">
      <UniqueIdentifier>{4a4c8ab6-1cd2-45f1-854a-eef83944dbbd}</UniqueIdentifier>
      <Extensions>cpp;c;cxx;rc;def;r;odl;hpj;bat;for;f90</Extensions>
    </Filter>
    <Filter Include="Lua">
      <UniqueIdentifier>{ac8bf2ba-2d4a-4c4c-9040-2383d0790e46}</UniqueIdentifier>
    </Filter>
  </ItemGroup>
  <ItemGroup>
    <ClCompile Include="..\..\srclua5\ctrl\il_glcanvas.c">
      <Filter>Source Files</Filter>
    </ClCompile>
    <ClCompile Include="..\..\srclua5\ctrl\iuplua_glcanvas.c">
      <Filter>Source Files</Filter>
    </ClCompile>
    <ClCompile Include="..\..\srclua5\ctrl\il_glbackgroundbox.c">
      <Filter>Source Files</Filter>
    </ClCompile>
  </ItemGroup>
  <ItemGroup>
    <None Include="..\..\srclua5\ctrl\iupluagl.def">
      <Filter>Source Files</Filter>
    </None>
    <None Include="..\..\srclua5\ctrl\glcanvas.lua">
      <Filter>Lua</Filter>
    </None>
    <None Include="..\..\srclua5\ctrl\glbackgroundbox.lua">
      <Filter>Lua</Filter>
    </None>
  </ItemGroup>
  <ItemGroup>
    <ClInclude Include="..\..\include\iupluagl.h">
      <Filter>Source Files</Filter>
    </ClInclude>
  </ItemGroup>
</Project>