Microsoft Visual Studio Solution File, Format Version 12.00
# Visual Studio 2013
VisualStudioVersion = 12.0.40629.0
MinimumVisualStudioVersion = 10.0.40219.1
Project("{2150E333-8FDC-42A3-9474-1A3956D46DE8}") = "Lua", "Lua", "{1CBEAA34-BA34-497D-A775-B9AF6F905696}"
EndProject
Project("{2150E333-8FDC-42A3-9474-1A3956D46DE8}") = "Core", "Core", "{B7B3CB79-CA94-4ED3-9DCA-EC12458C2EBD}"
EndProject
Project("{2150E333-8FDC-42A3-9474-1A3956D46DE8}") = "Test", "Test", "{FC52B7B5-744E-45D6-815C-3502F9D965E7}"
EndProject
Project("{2150E333-8FDC-42A3-9474-1A3956D46DE8}") = "Tools", "Tools", "{B24D8E0A-2EB5-4C49-A146-C0AABEF81788}"
EndProject
Project("{8BC9CEB8-8B4A-11D0-8D11-00A0C91BC942}") = "iupcore", "iupcore.vcxproj", "{2C7E83B9-7FE8-432A-97BA-FCF4D0728408}"
EndProject
Project("{8BC9CEB8-8B4A-11D0-8D11-00A0C91BC942}") = "iupgtk", "iupgtk.vcxproj", "{2C7E83B9-7FE8-5555-97BA-FCF4D0728408}"
EndProject
Project("{8BC9CEB8-8B4A-11D0-8D11-00A0C91BC942}") = "iupmot", "iupmot.vcxproj", "{2C7E83B9-1234-432A-97BA-FCF4D0728408}"
EndProject
Project("{8BC9CEB8-8B4A-11D0-8D11-00A0C91BC942}") = "iuptest", "iuptest.vcxproj", "{2F92EC58-D94C-40BF-8C82-77607C72E1E3}"
	ProjectSection(ProjectDependencies) = postProject
		{972D1765-90E0-4ABD-93D7-88CB0ADCE9DB} = {972D1765-90E0-4ABD-93D7-88CB0ADCE9DB}
		{5EABE977-C56D-13FA-45DD-12A8972EA8CC} = {5EABE977-C56D-13FA-45DD-12A8972EA8CC}
		{C146018B-9ADC-A745-A7E4-532192649FCA} = {C146018B-9ADC-A745-A7E4-532192649FCA}
	EndProjectSection
EndProject
Project("{8BC9CEB8-8B4A-11D0-8D11-00A0C91BC942}") = "iuptestgtk", "iuptestgtk.vcxproj", "{2F92EC58-1234-40BF-5678-77607C72E1E3}"
EndProject
Project("{8BC9CEB8-8B4A-11D0-8D11-00A0C91BC942}") = "iupwin", "iupwin.vcxproj", "{2C7E83B9-123A-BCDF-97BA-FCF4D0728408}"
EndProject
Project("{8BC9CEB8-8B4A-11D0-8D11-00A0C91BC942}") = "iupgl", "iupgl.vcxproj", "{E251B4F4-0B0A-482B-BA18-2509ADC4B6AA}"
EndProject
Project("{8BC9CEB8-8B4A-11D0-8D11-00A0C91BC942}") = "iupcontrols", "iupcontrols.vcxproj", "{5EEFE977-C56D-462F-BDEE-12A5452EB8CC}"
EndProject
Project("{8BC9CEB8-8B4A-11D0-8D11-00A0C91BC942}") = "iupole", "iupole.vcxproj", "{0C80BBEE-1B00-4567-1234-067292C84EDB}"
EndProject
Project("{8BC9CEB8-8B4A-11D0-8D11-00A0C91BC942}") = "iupimglib", "iupimglib.vcxproj", "{E251B4F4-0B0A-482B-BB33-1234ADC4B6AA}"
EndProject
Project("{8BC9CEB8-8B4A-11D0-8D11-00A0C91BC942}") = "iupcd", "iupcd.vcxproj", "{BE7472E1-E76E-4969-A35F-054614F5884E}"
EndProject
Project("{8BC9CEB8-8B4A-11D0-8D11-00A0C91BC942}") = "iupim", "iupim.vcxproj", "{E251B4F4-0B0A-482B-BA18-1234ADC4B6AA}"
EndProject
Project("{8BC9CEB8-8B4A-11D0-8D11-00A0C91BC942}") = "iuplua", "iuplua\iuplua.vcxproj", "{1EBC7A53-4677-4C3A-8D4A-49D301F17D85}"
EndProject
Project("{8BC9CEB8-8B4A-11D0-8D11-00A0C91BC942}") = "iupluaexe", "iuplua\iupluaexe.vcxproj", "{A60D658D-766C-40DB-BAE4-59AB884D86FB}"
	ProjectSection(ProjectDependencies) = postProject
		{8B2E140D-E759-441F-B2BC-B9FE61CDF741} = {8B2E140D-E759-441F-B2BC-B9FE61CDF741}
		{01FC1249-3B24-4DA4-87BA-BF6EA8ED6731} = {01FC1249-3B24-4DA4-87BA-BF6EA8ED6731}
		{1EB17A53-4677-A13F-2244-A3FB01F18985} = {1EB17A53-4677-A13F-2244-A3FB01F18985}
		{1EBC7A53-4677-5555-2222-49D301157985} = {1EBC7A53-4677-5555-2222-49D301157985}
		{1EBC7A53-4677-ABCD-6748-A6FB01F18985} = {1EBC7A53-4677-ABCD-6748-A6FB01F18985}
		{1EBC7A53-4A77-5435-AB15-A12F01157985} = {1EBC7A53-4A77-5435-AB15-A12F01157985}
		{972D1765-90E0-4ABD-93D7-88CB0ADCE9DB} = {972D1765-90E0-4ABD-93D7-88CB0ADCE9DB}
		{5EABE977-C56D-13FA-45DD-12A8972EA8CC} = {5EABE977-C56D-13FA-45DD-12A8972EA8CC}
		{F9BC0379-5B09-42C0-AB08-0532C12CD397} = {F9BC0379-5B09-42C0-AB08-0532C12CD397}
		{C146018B-9ADC-A745-A7E4-532192649FCA} = {C146018B-9ADC-A745-A7E4-532192649FCA}
		{42A210A8-4E51-4D6A-9FAC-5C0E6B19FD4D} = {42A210A8-4E51-4D6A-9FAC-5C0E6B19FD4D}
	EndProjectSection
EndProject
Project("{8BC9CEB8-8B4A-11D0-8D11-00A0C91BC942}") = "ledc", "ledc.vcxproj", "{0F789DF8-22CC-4392-98DB-AC3960FAD4EA}"
EndProject
Project("{8BC9CEB8-8B4A-11D0-8D11-00A0C91BC942}") = "iupview", "iupview.vcxproj", "{2F92EC58-D94C-40BF-4444-77607C72E1E3}"
EndProject
Project("{8BC9CEB8-8B4A-11D0-8D11-00A0C91BC942}") = "iupluaim", "iuplua\iupluaim.vcxproj", "{1EBC7A53-4677-ADF1-8D4A-49D301F17D85}"
EndProject
Project("{8BC9CEB8-8B4A-11D0-8D11-00A0C91BC942}") = "iupluacontrols", "iuplua\iupluacontrols.vcxproj", "{1EBC7A53-4677-75D7-8D4A-49D301F17D85}"
EndProject
Project("{8BC9CEB8-8B4A-11D0-8D11-00A0C91BC942}") = "iupluagl", "iuplua\iupluagl.vcxproj", "{1EBC7A53-4677-4C3A-8D4A-49D301157985}"
EndProject
Project("{8BC9CEB8-8B4A-11D0-8D11-00A0C91BC942}") = "iupluaole", "iuplua\iupluaole.vcxproj", "{1EBC7A53-4677-5555-2222-49D301157985}"
EndProject
Project("{8BC9CEB8-8B4A-11D0-8D11-00A0C91BC942}") = "iupluacd", "iuplua\iupluacd.vcxproj", "{B4823266-DF8C-4EFB-91C0-C7688C234EAC}"
EndProject
Project("{8BC9CEB8-8B4A-11D0-8D11-00A0C91BC942}") = "iupluaimglib", "iuplua\iupluaimglib.vcxproj", "{1EBC7A53-4677-FFFF-1234-49D301F17D85}"
EndProject
Project("{8BC9CEB8-8B4A-11D0-8D11-00A0C91BC942}") = "iupsample", "iupsample.vcxproj", "{9462FDEA-3E53-4250-8710-DD50AF48607C}"
	ProjectSection(ProjectDependencies) = postProject
		{C146018B-9ADC-A745-A7E4-532192649FCA} = {C146018B-9ADC-A745-A7E4-532192649FCA}
		{22AD4898-1301-4EE3-A505-1F17F12638B2} = {22AD4898-1301-4EE3-A505-1F17F12638B2}
		{BE7472E1-E76E-4969-A35F-054614F5884E} = {BE7472E1-E76E-4969-A35F-054614F5884E}
		{E251B4F4-0B0A-482B-BA18-1234ADC4B6AA} = {E251B4F4-0B0A-482B-BA18-1234ADC4B6AA}
		{E251B4F4-0B0A-482B-BA18-2509ADC4B6AA} = {E251B4F4-0B0A-482B-BA18-2509ADC4B6AA}
	EndProjectSection
EndProject
Project("{8BC9CEB8-8B4A-11D0-8D11-00A0C91BC942}") = "iupsamplegtk", "iupsamplegtk.vcxproj", "{C684B76D-52EC-49CE-84F2-B031509419A5}"
	ProjectSection(ProjectDependencies) = postProject
		{450A2F82-CAB2-4026-B8F1-DE45CAD623F1} = {450A2F82-CAB2-4026-B8F1-DE45CAD623F1}
		{5A42028B-912C-AAB9-D3E1-12DF9264A5FD} = {5A42028B-912C-AAB9-D3E1-12DF9264A5FD}
		{BE7472E1-E76E-4969-A35F-054614F5884E} = {BE7472E1-E76E-4969-A35F-054614F5884E}
		{E251B4F4-0B0A-482B-BA18-1234ADC4B6AA} = {E251B4F4-0B0A-482B-BA18-1234ADC4B6AA}
	EndProjectSection
EndProject
Project("{8BC9CEB8-8B4A-11D0-8D11-00A0C91BC942}") = "iupviewgtk", "iupviewgtk.vcxproj", "{E7D19356-B0AB-44AD-ACCB-5FFFCC4837BE}"
EndProject
Project("{8BC9CEB8-8B4A-11D0-8D11-00A0C91BC942}") = "iupluagtk_exe", "iuplua\iupluaexegtk.vcxproj", "{389DF3C9-A628-4F6D-8C52-8924FA01DE66}"
EndProject
Project("{8BC9CEB8-8B4A-11D0-8D11-00A0C91BC942}") = "iuptuio", "iuptuio.vcxproj", "{E251B414-01CA-482B-12F6-DD34ADAAB6AA}"
EndProject
Project("{8BC9CEB8-8B4A-11D0-8D11-00A0C91BC942}") = "iupluatuio", "iuplua\iupluatuio.vcxproj", "{1EBC7A53-4A77-5435-AB15-A12F01157985}"
EndProject
Project("{8BC9CEB8-8B4A-11D0-8D11-00A0C91BC942}") = "iupweb", "iupweb.vcxproj", "{0A12BCDE-4F00-5637-8901-067292C84EDB}"
EndProject
Project("{8BC9CEB8-8B4A-11D0-8D11-00A0C91BC942}") = "iup_mglplot", "iup_mglplot.vcxproj", "{5A42028B-912C-AAB9-D3E1-12DF9264A5FD}"
EndProject
Project("{8BC9CEB8-8B4A-11D0-8D11-00A0C91BC942}") = "iuplua_mglplot", "iuplua\iuplua_mglplot.vcxproj", "{1EBC7A53-4677-ABCD-6748-A6FB01F18985}"
EndProject
Project("{8BC9CEB8-8B4A-11D0-8D11-00A0C91BC942}") = "iupgtk3", "iupgtk3.vcxproj", "{2C7E83B9-12E8-ABC5-97BA-A5D8D0728408}"
	ProjectSection(ProjectDependencies) = postProject
		{2C7E83B9-7FE8-432A-97BA-FCF4D0728408} = {2C7E83B9-7FE8-432A-97BA-FCF4D0728408}
	EndProjectSection
EndProject
Project("{8BC9CEB8-8B4A-11D0-8D11-00A0C91BC942}") = "iuptestgtk3", "iuptestgtk3.vcxproj", "{2F92EC58-ABBB-40B2-5258-716DB872E1E3}"
EndProject
Project("{2150E333-8FDC-42A3-9474-1A3956D46DE8}") = "Scintilla", "Scintilla", "{17F9D7FC-3317-4548-B42A-76DCE2C4F94D}"
EndProject
Project("{8BC9CEB8-8B4A-11D0-8D11-00A0C91BC942}") = "iup_scintillagtk", "iup_scintillagtk.vcxproj", "{450A2F82-CAB2-4026-B8F1-DE45CAD623F1}"
	ProjectSection(ProjectDependencies) = postProject
		{22AD4898-ABC1-EF25-A8A8-DF17F12D38B2} = {22AD4898-ABC1-EF25-A8A8-DF17F12D38B2}
		{2C7E83B9-7FE8-432A-97BA-FCF4D0728408} = {2C7E83B9-7FE8-432A-97BA-FCF4D0728408}
		{2C7E83B9-7FE8-5555-97BA-FCF4D0728408} = {2C7E83B9-7FE8-5555-97BA-FCF4D0728408}
	EndProjectSection
EndProject
Project("{8BC9CEB8-8B4A-11D0-8D11-00A0C91BC942}") = "iup_scintillagtk3", "iup_scintillagtk3.vcxproj", "{141B1AD7-0820-4423-A751-1B1E8CDCB715}"
	ProjectSection(ProjectDependencies) = postProject
		{22AD4898-ABC1-EF25-A8A8-DF17F12D38B2} = {22AD4898-ABC1-EF25-A8A8-DF17F12D38B2}
		{2C7E83B9-7FE8-432A-97BA-FCF4D0728408} = {2C7E83B9-7FE8-432A-97BA-FCF4D0728408}
		{2C7E83B9-7FE8-5555-97BA-FCF4D0728408} = {2C7E83B9-7FE8-5555-97BA-FCF4D0728408}
	EndProjectSection
EndProject
Project("{8BC9CEB8-8B4A-11D0-8D11-00A0C91BC942}") = "iup_scintillawin", "iup_scintillawin.vcxproj", "{22AD4898-1301-4EE3-A505-1F17F12638B2}"
	ProjectSection(ProjectDependencies) = postProject
		{22AD4898-ABC1-EF25-A8A8-DF17F12D38B2} = {22AD4898-ABC1-EF25-A8A8-DF17F12D38B2}
		{2C7E83B9-123A-BCDF-97BA-FCF4D0728408} = {2C7E83B9-123A-BCDF-97BA-FCF4D0728408}
		{2C7E83B9-7FE8-432A-97BA-FCF4D0728408} = {2C7E83B9-7FE8-432A-97BA-FCF4D0728408}
	EndProjectSection
EndProject
Project("{8BC9CEB8-8B4A-11D0-8D11-00A0C91BC942}") = "iuplua_scintilla", "iuplua\iuplua_scintilla.vcxproj", "{1EB17A53-4677-A13F-2244-A3FB01F18985}"
EndProject
Project("{8BC9CEB8-8B4A-11D0-8D11-00A0C91BC942}") = "iup_scintillacore", "iup_scintillacore.vcxproj", "{22AD4898-ABC1-EF25-A8A8-DF17F12D38B2}"
EndProject
Project("{8BC9CEB8-8B4A-11D0-8D11-00A0C91BC942}") = "iupmatrixex", "iupmatrixex.vcxproj", "{5EABE977-C56D-13FA-45DD-12A8972EA8CC}"
EndProject
Project("{8BC9CEB8-8B4A-11D0-8D11-00A0C91BC942}") = "iupluamatrixex", "iuplua\iupluamatrixex.vcxproj", "{01FC1249-3B24-4DA4-87BA-BF6EA8ED6731}"
EndProject
Project("{8BC9CEB8-8B4A-11D0-8D11-00A0C91BC942}") = "iupluaweb", "iuplua\iupluaweb.vcxproj", "{42A210A8-4E51-4D6A-9FAC-5C0E6B19FD4D}"
EndProject
Project("{8BC9CEB8-8B4A-11D0-8D11-00A0C91BC942}") = "iupglcontrols", "iupglcontrols.vcxproj", "{972D1765-90E0-4ABD-93D7-88CB0ADCE9DB}"
	ProjectSection(ProjectDependencies) = postProject
		{E251B4F4-0B0A-482B-BA18-2509ADC4B6AA} = {E251B4F4-0B0A-482B-BA18-2509ADC4B6AA}
	EndProjectSection
EndProject
Project("{8BC9CEB8-8B4A-11D0-8D11-00A0C91BC942}") = "iupluaglcontrols", "iuplua\iupluaglcontrols.vcxproj", "{F9BC0379-5B09-42C0-AB08-0532C12CD397}"
EndProject
Project("{2150E333-8FDC-42A3-9474-1A3956D46DE8}") = "Plot", "Plot", "{F234B940-EF8E-4662-BAE2-163E1BCA9D03}"
EndProject
Project("{8BC9CEB8-8B4A-11D0-8D11-00A0C91BC942}") = "iup_plot", "iup_plot.vcxproj", "{C146018B-9ADC-A745-A7E4-532192649FCA}"
EndProject
Project("{8BC9CEB8-8B4A-11D0-8D11-00A0C91BC942}") = "iuplua_plot", "iuplua\iuplua_plot.vcxproj", "{8B2E140D-E759-441F-B2BC-B9FE61CDF741}"
EndProject
Project("{8BC9CEB8-8B4A-11D0-8D11-00A0C91BC942}") = "iupluagtk3_exe", "iuplua\iupluaexegtk3.vcxproj", "{C063C5F8-3688-4EC3-B7CC-78D58533B6BC}"
EndProject
Project("{8BC9CEB8-8B4A-11D0-8D11-00A0C91BC942}") = "iupviewgtk3", "iupviewgtk3.vcxproj", "{710DA52B-3657-467E-A619-BE40A7D1B7A9}"
EndProject
Project("{8BC9CEB8-8B4A-11D0-8D11-00A0C91BC942}") = "simple_paint", "..\html\examples\tutorial\simple_paint2\simple_paint.vcxproj", "{C0E4757A-8A78-48C1-B507-E2A95AA18B25}"
EndProject
Project("{8BC9CEB8-8B4A-11D0-8D11-00A0C91BC942}") = "scintilla_notepad", "..\html\examples\tutorial\scintilla_notepad\scintilla_notepad.vcxproj", "{E1563874-0732-46F5-BC4F-F373CF0652BA}"
EndProject
Global
	GlobalSection(SolutionConfigurationPlatforms) = preSolution
		Debug|Win32 = Debug|Win32
		Debug|x64 = Debug|x64
		Release|Win32 = Release|Win32
		Release|x64 = Release|x64
	EndGlobalSection
	GlobalSection(ProjectConfigurationPlatforms) = postSolution
		{2C7E83B9-7FE8-432A-97BA-FCF4D0728408}.Debug|Win32.ActiveCfg = Debug|Win32
		{2C7E83B9-7FE8-432A-97BA-FCF4D0728408}.Debug|Win32.Build.0 = Debug|Win32
		{2C7E83B9-7FE8-432A-97BA-FCF4D0728408}.Debug|x64.ActiveCfg = Debug|x64
		{2C7E83B9-7FE8-432A-97BA-FCF4D0728408}.Debug|x64.Build.0 = Debug|x64
		{2C7E83B9-7FE8-432A-97BA-FCF4D0728408}.Release|Win32.ActiveCfg = Debug|Win32
		{2C7E83B9-7FE8-432A-97BA-FCF4D0728408}.Release|Win32.Build.0 = Debug|Win32
		{2C7E83B9-7FE8-432A-97BA-FCF4D0728408}.Release|x64.ActiveCfg = Debug|x64
		{2C7E83B9-7FE8-432A-97BA-FCF4D0728408}.Release|x64.Build.0 = Debug|x64
		{2C7E83B9-7FE8-5555-97BA-FCF4D0728408}.Debug|Win32.ActiveCfg = Debug|Win32
		{2C7E83B9-7FE8-5555-97BA-FCF4D0728408}.Debug|Win32.Build.0 = Debug|Win32
		{2C7E83B9-7FE8-5555-97BA-FCF4D0728408}.Debug|x64.ActiveCfg = Debug|x64
		{2C7E83B9-7FE8-5555-97BA-FCF4D0728408}.Debug|x64.Build.0 = Debug|x64
		{2C7E83B9-7FE8-5555-97BA-FCF4D0728408}.Release|Win32.ActiveCfg = Debug|Win32
		{2C7E83B9-7FE8-5555-97BA-FCF4D0728408}.Release|x64.ActiveCfg = Debug|x64
		{2C7E83B9-1234-432A-97BA-FCF4D0728408}.Debug|Win32.ActiveCfg = Debug|Win32
		{2C7E83B9-1234-432A-97BA-FCF4D0728408}.Debug|x64.ActiveCfg = Debug|x64
		{2C7E83B9-1234-432A-97BA-FCF4D0728408}.Release|Win32.ActiveCfg = Debug|Win32
		{2C7E83B9-1234-432A-97BA-FCF4D0728408}.Release|Win32.Build.0 = Debug|Win32
		{2C7E83B9-1234-432A-97BA-FCF4D0728408}.Release|x64.ActiveCfg = Debug|x64
		{2C7E83B9-1234-432A-97BA-FCF4D0728408}.Release|x64.Build.0 = Debug|x64
		{2F92EC58-D94C-40BF-8C82-77607C72E1E3}.Debug|Win32.ActiveCfg = Debug|Win32
		{2F92EC58-D94C-40BF-8C82-77607C72E1E3}.Debug|Win32.Build.0 = Debug|Win32
		{2F92EC58-D94C-40BF-8C82-77607C72E1E3}.Debug|x64.ActiveCfg = Debug|x64
		{2F92EC58-D94C-40BF-8C82-77607C72E1E3}.Debug|x64.Build.0 = Debug|x64
		{2F92EC58-D94C-40BF-8C82-77607C72E1E3}.Release|Win32.ActiveCfg = Debug|Win32
		{2F92EC58-D94C-40BF-8C82-77607C72E1E3}.Release|Win32.Build.0 = Debug|Win32
		{2F92EC58-D94C-40BF-8C82-77607C72E1E3}.Release|x64.ActiveCfg = Debug|x64
		{2F92EC58-D94C-40BF-8C82-77607C72E1E3}.Release|x64.Build.0 = Debug|x64
		{2F92EC58-1234-40BF-5678-77607C72E1E3}.Debug|Win32.ActiveCfg = Debug|Win32
		{2F92EC58-1234-40BF-5678-77607C72E1E3}.Debug|Win32.Build.0 = Debug|Win32
		{2F92EC58-1234-40BF-5678-77607C72E1E3}.Debug|x64.ActiveCfg = Debug|x64
		{2F92EC58-1234-40BF-5678-77607C72E1E3}.Debug|x64.Build.0 = Debug|x64
		{2F92EC58-1234-40BF-5678-77607C72E1E3}.Release|Win32.ActiveCfg = Debug|Win32
		{2F92EC58-1234-40BF-5678-77607C72E1E3}.Release|x64.ActiveCfg = Debug|x64
		{2C7E83B9-123A-BCDF-97BA-FCF4D0728408}.Debug|Win32.ActiveCfg = Debug|Win32
		{2C7E83B9-123A-BCDF-97BA-FCF4D0728408}.Debug|Win32.Build.0 = Debug|Win32
		{2C7E83B9-123A-BCDF-97BA-FCF4D0728408}.Debug|x64.ActiveCfg = Debug|x64
		{2C7E83B9-123A-BCDF-97BA-FCF4D0728408}.Debug|x64.Build.0 = Debug|x64
		{2C7E83B9-123A-BCDF-97BA-FCF4D0728408}.Release|Win32.ActiveCfg = Debug|Win32
		{2C7E83B9-123A-BCDF-97BA-FCF4D0728408}.Release|Win32.Build.0 = Debug|Win32
		{2C7E83B9-123A-BCDF-97BA-FCF4D0728408}.Release|x64.ActiveCfg = Debug|x64
		{2C7E83B9-123A-BCDF-97BA-FCF4D0728408}.Release|x64.Build.0 = Debug|x64
		{E251B4F4-0B0A-482B-BA18-2509ADC4B6AA}.Debug|Win32.ActiveCfg = Debug|Win32
		{E251B4F4-0B0A-482B-BA18-2509ADC4B6AA}.Debug|Win32.Build.0 = Debug|Win32
		{E251B4F4-0B0A-482B-BA18-2509ADC4B6AA}.Debug|x64.ActiveCfg = Debug|x64
		{E251B4F4-0B0A-482B-BA18-2509ADC4B6AA}.Debug|x64.Build.0 = Debug|x64
		{E251B4F4-0B0A-482B-BA18-2509ADC4B6AA}.Release|Win32.ActiveCfg = Debug|Win32
		{E251B4F4-0B0A-482B-BA18-2509ADC4B6AA}.Release|Win32.Build.0 = Debug|Win32
		{E251B4F4-0B0A-482B-BA18-2509ADC4B6AA}.Release|x64.ActiveCfg = Debug|x64
		{E251B4F4-0B0A-482B-BA18-2509ADC4B6AA}.Release|x64.Build.0 = Debug|x64
		{5EEFE977-C56D-462F-BDEE-12A5452EB8CC}.Debug|Win32.ActiveCfg = Debug|Win32
		{5EEFE977-C56D-462F-BDEE-12A5452EB8CC}.Debug|Win32.Build.0 = Debug|Win32
		{5EEFE977-C56D-462F-BDEE-12A5452EB8CC}.Debug|x64.ActiveCfg = Debug|x64
		{5EEFE977-C56D-462F-BDEE-12A5452EB8CC}.Debug|x64.Build.0 = Debug|x64
		{5EEFE977-C56D-462F-BDEE-12A5452EB8CC}.Release|Win32.ActiveCfg = Debug|Win32
		{5EEFE977-C56D-462F-BDEE-12A5452EB8CC}.Release|Win32.Build.0 = Debug|Win32
		{5EEFE977-C56D-462F-BDEE-12A5452EB8CC}.Release|x64.ActiveCfg = Debug|x64
		{5EEFE977-C56D-462F-BDEE-12A5452EB8CC}.Release|x64.Build.0 = Debug|x64
		{0C80BBEE-1B00-4567-1234-067292C84EDB}.Debug|Win32.ActiveCfg = Debug|Win32
		{0C80BBEE-1B00-4567-1234-067292C84EDB}.Debug|Win32.Build.0 = Debug|Win32
		{0C80BBEE-1B00-4567-1234-067292C84EDB}.Debug|x64.ActiveCfg = Debug|x64
		{0C80BBEE-1B00-4567-1234-067292C84EDB}.Debug|x64.Build.0 = Debug|x64
		{0C80BBEE-1B00-4567-1234-067292C84EDB}.Release|Win32.ActiveCfg = Debug|Win32
		{0C80BBEE-1B00-4567-1234-067292C84EDB}.Release|Win32.Build.0 = Debug|Win32
		{0C80BBEE-1B00-4567-1234-067292C84EDB}.Release|x64.ActiveCfg = Debug|x64
		{0C80BBEE-1B00-4567-1234-067292C84EDB}.Release|x64.Build.0 = Debug|x64
		{E251B4F4-0B0A-482B-BB33-1234ADC4B6AA}.Debug|Win32.ActiveCfg = Debug|Win32
		{E251B4F4-0B0A-482B-BB33-1234ADC4B6AA}.Debug|Win32.Build.0 = Debug|Win32
		{E251B4F4-0B0A-482B-BB33-1234ADC4B6AA}.Debug|x64.ActiveCfg = Debug|x64
		{E251B4F4-0B0A-482B-BB33-1234ADC4B6AA}.Debug|x64.Build.0 = Debug|x64
		{E251B4F4-0B0A-482B-BB33-1234ADC4B6AA}.Release|Win32.ActiveCfg = Debug|Win32
		{E251B4F4-0B0A-482B-BB33-1234ADC4B6AA}.Release|Win32.Build.0 = Debug|Win32
		{E251B4F4-0B0A-482B-BB33-1234ADC4B6AA}.Release|x64.ActiveCfg = Debug|x64
		{E251B4F4-0B0A-482B-BB33-1234ADC4B6AA}.Release|x64.Build.0 = Debug|x64
		{BE7472E1-E76E-4969-A35F-054614F5884E}.Debug|Win32.ActiveCfg = Debug|Win32
		{BE7472E1-E76E-4969-A35F-054614F5884E}.Debug|Win32.Build.0 = Debug|Win32
		{BE7472E1-E76E-4969-A35F-054614F5884E}.Debug|x64.ActiveCfg = Debug|x64
		{BE7472E1-E76E-4969-A35F-054614F5884E}.Debug|x64.Build.0 = Debug|x64
		{BE7472E1-E76E-4969-A35F-054614F5884E}.Release|Win32.ActiveCfg = Debug|Win32
		{BE7472E1-E76E-4969-A35F-054614F5884E}.Release|Win32.Build.0 = Debug|Win32
		{BE7472E1-E76E-4969-A35F-054614F5884E}.Release|x64.ActiveCfg = Debug|x64
		{BE7472E1-E76E-4969-A35F-054614F5884E}.Release|x64.Build.0 = Debug|x64
		{E251B4F4-0B0A-482B-BA18-1234ADC4B6AA}.Debug|Win32.ActiveCfg = Debug|Win32
		{E251B4F4-0B0A-482B-BA18-1234ADC4B6AA}.Debug|Win32.Build.0 = Debug|Win32
		{E251B4F4-0B0A-482B-BA18-1234ADC4B6AA}.Debug|x64.ActiveCfg = Debug|x64
		{E251B4F4-0B0A-482B-BA18-1234ADC4B6AA}.Debug|x64.Build.0 = Debug|x64
		{E251B4F4-0B0A-482B-BA18-1234ADC4B6AA}.Release|Win32.ActiveCfg = Debug|Win32
		{E251B4F4-0B0A-482B-BA18-1234ADC4B6AA}.Release|Win32.Build.0 = Debug|Win32
		{E251B4F4-0B0A-482B-BA18-1234ADC4B6AA}.Release|x64.ActiveCfg = Debug|x64
		{E251B4F4-0B0A-482B-BA18-1234ADC4B6AA}.Release|x64.Build.0 = Debug|x64
		{1EBC7A53-4677-4C3A-8D4A-49D301F17D85}.Debug|Win32.ActiveCfg = Debug|Win32
		{1EBC7A53-4677-4C3A-8D4A-49D301F17D85}.Debug|Win32.Build.0 = Debug|Win32
		{1EBC7A53-4677-4C3A-8D4A-49D301F17D85}.Debug|x64.ActiveCfg = Debug|x64
		{1EBC7A53-4677-4C3A-8D4A-49D301F17D85}.Debug|x64.Build.0 = Debug|x64
		{1EBC7A53-4677-4C3A-8D4A-49D301F17D85}.Release|Win32.ActiveCfg = Debug|Win32
		{1EBC7A53-4677-4C3A-8D4A-49D301F17D85}.Release|Win32.Build.0 = Debug|Win32
		{1EBC7A53-4677-4C3A-8D4A-49D301F17D85}.Release|x64.ActiveCfg = Debug|x64
		{1EBC7A53-4677-4C3A-8D4A-49D301F17D85}.Release|x64.Build.0 = Debug|x64
		{A60D658D-766C-40DB-BAE4-59AB884D86FB}.Debug|Win32.ActiveCfg = Debug|Win32
		{A60D658D-766C-40DB-BAE4-59AB884D86FB}.Debug|Win32.Build.0 = Debug|Win32
		{A60D658D-766C-40DB-BAE4-59AB884D86FB}.Debug|x64.ActiveCfg = Debug|x64
		{A60D658D-766C-40DB-BAE4-59AB884D86FB}.Debug|x64.Build.0 = Debug|x64
		{A60D658D-766C-40DB-BAE4-59AB884D86FB}.Release|Win32.ActiveCfg = Debug|Win32
		{A60D658D-766C-40DB-BAE4-59AB884D86FB}.Release|Win32.Build.0 = Debug|Win32
		{A60D658D-766C-40DB-BAE4-59AB884D86FB}.Release|x64.ActiveCfg = Debug|x64
		{A60D658D-766C-40DB-BAE4-59AB884D86FB}.Release|x64.Build.0 = Debug|x64
		{0F789DF8-22CC-4392-98DB-AC3960FAD4EA}.Debug|Win32.ActiveCfg = Debug|Win32
		{0F789DF8-22CC-4392-98DB-AC3960FAD4EA}.Debug|Win32.Build.0 = Debug|Win32
		{0F789DF8-22CC-4392-98DB-AC3960FAD4EA}.Debug|x64.ActiveCfg = Debug|x64
		{0F789DF8-22CC-4392-98DB-AC3960FAD4EA}.Debug|x64.Build.0 = Debug|x64
		{0F789DF8-22CC-4392-98DB-AC3960FAD4EA}.Release|Win32.ActiveCfg = Debug|Win32
		{0F789DF8-22CC-4392-98DB-AC3960FAD4EA}.Release|x64.ActiveCfg = Debug|x64
		{2F92EC58-D94C-40BF-4444-77607C72E1E3}.Debug|Win32.ActiveCfg = Debug|Win32
		{2F92EC58-D94C-40BF-4444-77607C72E1E3}.Debug|Win32.Build.0 = Debug|Win32
		{2F92EC58-D94C-40BF-4444-77607C72E1E3}.Debug|x64.ActiveCfg = Debug|x64
		{2F92EC58-D94C-40BF-4444-77607C72E1E3}.Debug|x64.Build.0 = Debug|x64
		{2F92EC58-D94C-40BF-4444-77607C72E1E3}.Release|Win32.ActiveCfg = Debug|Win32
		{2F92EC58-D94C-40BF-4444-77607C72E1E3}.Release|x64.ActiveCfg = Debug|x64
		{1EBC7A53-4677-ADF1-8D4A-49D301F17D85}.Debug|Win32.ActiveCfg = Debug|Win32
		{1EBC7A53-4677-ADF1-8D4A-49D301F17D85}.Debug|Win32.Build.0 = Debug|Win32
		{1EBC7A53-4677-ADF1-8D4A-49D301F17D85}.Debug|x64.ActiveCfg = Debug|x64
		{1EBC7A53-4677-ADF1-8D4A-49D301F17D85}.Debug|x64.Build.0 = Debug|x64
		{1EBC7A53-4677-ADF1-8D4A-49D301F17D85}.Release|Win32.ActiveCfg = Debug|Win32
		{1EBC7A53-4677-ADF1-8D4A-49D301F17D85}.Release|Win32.Build.0 = Debug|Win32
		{1EBC7A53-4677-ADF1-8D4A-49D301F17D85}.Release|x64.ActiveCfg = Debug|x64
		{1EBC7A53-4677-ADF1-8D4A-49D301F17D85}.Release|x64.Build.0 = Debug|x64
		{1EBC7A53-4677-75D7-8D4A-49D301F17D85}.Debug|Win32.ActiveCfg = Debug|Win32
		{1EBC7A53-4677-75D7-8D4A-49D301F17D85}.Debug|Win32.Build.0 = Debug|Win32
		{1EBC7A53-4677-75D7-8D4A-49D301F17D85}.Debug|x64.ActiveCfg = Debug|x64
		{1EBC7A53-4677-75D7-8D4A-49D301F17D85}.Debug|x64.Build.0 = Debug|x64
		{1EBC7A53-4677-75D7-8D4A-49D301F17D85}.Release|Win32.ActiveCfg = Debug|Win32
		{1EBC7A53-4677-75D7-8D4A-49D301F17D85}.Release|Win32.Build.0 = Debug|Win32
		{1EBC7A53-4677-75D7-8D4A-49D301F17D85}.Release|x64.ActiveCfg = Debug|x64
		{1EBC7A53-4677-75D7-8D4A-49D301F17D85}.Release|x64.Build.0 = Debug|x64
		{1EBC7A53-4677-4C3A-8D4A-49D301157985}.Debug|Win32.ActiveCfg = Debug|Win32
		{1EBC7A53-4677-4C3A-8D4A-49D301157985}.Debug|Win32.Build.0 = Debug|Win32
		{1EBC7A53-4677-4C3A-8D4A-49D301157985}.Debug|x64.ActiveCfg = Debug|x64
		{1EBC7A53-4677-4C3A-8D4A-49D301157985}.Debug|x64.Build.0 = Debug|x64
		{1EBC7A53-4677-4C3A-8D4A-49D301157985}.Release|Win32.ActiveCfg = Debug|Win32
		{1EBC7A53-4677-4C3A-8D4A-49D301157985}.Release|Win32.Build.0 = Debug|Win32
		{1EBC7A53-4677-4C3A-8D4A-49D301157985}.Release|x64.ActiveCfg = Debug|x64
		{1EBC7A53-4677-4C3A-8D4A-49D301157985}.Release|x64.Build.0 = Debug|x64
		{1EBC7A53-4677-5555-2222-49D301157985}.Debug|Win32.ActiveCfg = Debug|Win32
		{1EBC7A53-4677-5555-2222-49D301157985}.Debug|Win32.Build.0 = Debug|Win32
		{1EBC7A53-4677-5555-2222-49D301157985}.Debug|x64.ActiveCfg = Debug|x64
		{1EBC7A53-4677-5555-2222-49D301157985}.Debug|x64.Build.0 = Debug|x64
		{1EBC7A53-4677-5555-2222-49D301157985}.Release|Win32.ActiveCfg = Debug|Win32
		{1EBC7A53-4677-5555-2222-49D301157985}.Release|Win32.Build.0 = Debug|Win32
		{1EBC7A53-4677-5555-2222-49D301157985}.Release|x64.ActiveCfg = Debug|x64
		{1EBC7A53-4677-5555-2222-49D301157985}.Release|x64.Build.0 = Debug|x64
		{B4823266-DF8C-4EFB-91C0-C7688C234EAC}.Debug|Win32.ActiveCfg = Debug|Win32
		{B4823266-DF8C-4EFB-91C0-C7688C234EAC}.Debug|Win32.Build.0 = Debug|Win32
		{B4823266-DF8C-4EFB-91C0-C7688C234EAC}.Debug|x64.ActiveCfg = Debug|x64
		{B4823266-DF8C-4EFB-91C0-C7688C234EAC}.Debug|x64.Build.0 = Debug|x64
		{B4823266-DF8C-4EFB-91C0-C7688C234EAC}.Release|Win32.ActiveCfg = Debug|Win32
		{B4823266-DF8C-4EFB-91C0-C7688C234EAC}.Release|Win32.Build.0 = Debug|Win32
		{B4823266-DF8C-4EFB-91C0-C7688C234EAC}.Release|x64.ActiveCfg = Debug|x64
		{B4823266-DF8C-4EFB-91C0-C7688C234EAC}.Release|x64.Build.0 = Debug|x64
		{1EBC7A53-4677-FFFF-1234-49D301F17D85}.Debug|Win32.ActiveCfg = Debug|Win32
		{1EBC7A53-4677-FFFF-1234-49D301F17D85}.Debug|Win32.Build.0 = Debug|Win32
		{1EBC7A53-4677-FFFF-1234-49D301F17D85}.Debug|x64.ActiveCfg = Debug|x64
		{1EBC7A53-4677-FFFF-1234-49D301F17D85}.Debug|x64.Build.0 = Debug|x64
		{1EBC7A53-4677-FFFF-1234-49D301F17D85}.Release|Win32.ActiveCfg = Debug|Win32
		{1EBC7A53-4677-FFFF-1234-49D301F17D85}.Release|Win32.Build.0 = Debug|Win32
		{1EBC7A53-4677-FFFF-1234-49D301F17D85}.Release|x64.ActiveCfg = Debug|x64
		{1EBC7A53-4677-FFFF-1234-49D301F17D85}.Release|x64.Build.0 = Debug|x64
		{9462FDEA-3E53-4250-8710-DD50AF48607C}.Debug|Win32.ActiveCfg = Debug|Win32
		{9462FDEA-3E53-4250-8710-DD50AF48607C}.Debug|Win32.Build.0 = Debug|Win32
		{9462FDEA-3E53-4250-8710-DD50AF48607C}.Debug|x64.ActiveCfg = Debug|x64
		{9462FDEA-3E53-4250-8710-DD50AF48607C}.Debug|x64.Build.0 = Debug|x64
		{9462FDEA-3E53-4250-8710-DD50AF48607C}.Release|Win32.ActiveCfg = Debug|Win32
		{9462FDEA-3E53-4250-8710-DD50AF48607C}.Release|Win32.Build.0 = Debug|Win32
		{9462FDEA-3E53-4250-8710-DD50AF48607C}.Release|x64.ActiveCfg = Debug|x64
		{9462FDEA-3E53-4250-8710-DD50AF48607C}.Release|x64.Build.0 = Debug|x64
		{C684B76D-52EC-49CE-84F2-B031509419A5}.Debug|Win32.ActiveCfg = Debug|Win32
		{C684B76D-52EC-49CE-84F2-B031509419A5}.Debug|Win32.Build.0 = Debug|Win32
		{C684B76D-52EC-49CE-84F2-B031509419A5}.Debug|x64.ActiveCfg = Debug|x64
		{C684B76D-52EC-49CE-84F2-B031509419A5}.Debug|x64.Build.0 = Debug|x64
		{C684B76D-52EC-49CE-84F2-B031509419A5}.Release|Win32.ActiveCfg = Debug|Win32
		{C684B76D-52EC-49CE-84F2-B031509419A5}.Release|x64.ActiveCfg = Debug|x64
		{E7D19356-B0AB-44AD-ACCB-5FFFCC4837BE}.Debug|Win32.ActiveCfg = Debug|Win32
		{E7D19356-B0AB-44AD-ACCB-5FFFCC4837BE}.Debug|Win32.Build.0 = Debug|Win32
		{E7D19356-B0AB-44AD-ACCB-5FFFCC4837BE}.Debug|x64.ActiveCfg = Debug|x64
		{E7D19356-B0AB-44AD-ACCB-5FFFCC4837BE}.Debug|x64.Build.0 = Debug|x64
		{E7D19356-B0AB-44AD-ACCB-5FFFCC4837BE}.Release|Win32.ActiveCfg = Debug|Win32
		{E7D19356-B0AB-44AD-ACCB-5FFFCC4837BE}.Release|x64.ActiveCfg = Debug|x64
		{389DF3C9-A628-4F6D-8C52-8924FA01DE66}.Debug|Win32.ActiveCfg = Debug|Win32
		{389DF3C9-A628-4F6D-8C52-8924FA01DE66}.Debug|Win32.Build.0 = Debug|Win32
		{389DF3C9-A628-4F6D-8C52-8924FA01DE66}.Debug|x64.ActiveCfg = Debug|x64
		{389DF3C9-A628-4F6D-8C52-8924FA01DE66}.Debug|x64.Build.0 = Debug|x64
		{389DF3C9-A628-4F6D-8C52-8924FA01DE66}.Release|Win32.ActiveCfg = Debug|Win32
		{389DF3C9-A628-4F6D-8C52-8924FA01DE66}.Release|x64.ActiveCfg = Debug|x64
		{E251B414-01CA-482B-12F6-DD34ADAAB6AA}.Debug|Win32.ActiveCfg = Debug|Win32
		{E251B414-01CA-482B-12F6-DD34ADAAB6AA}.Debug|Win32.Build.0 = Debug|Win32
		{E251B414-01CA-482B-12F6-DD34ADAAB6AA}.Debug|x64.ActiveCfg = Debug|x64
		{E251B414-01CA-482B-12F6-DD34ADAAB6AA}.Debug|x64.Build.0 = Debug|x64
		{E251B414-01CA-482B-12F6-DD34ADAAB6AA}.Release|Win32.ActiveCfg = Debug|Win32
		{E251B414-01CA-482B-12F6-DD34ADAAB6AA}.Release|Win32.Build.0 = Debug|Win32
		{E251B414-01CA-482B-12F6-DD34ADAAB6AA}.Release|x64.ActiveCfg = Debug|x64
		{E251B414-01CA-482B-12F6-DD34ADAAB6AA}.Release|x64.Build.0 = Debug|x64
		{1EBC7A53-4A77-5435-AB15-A12F01157985}.Debug|Win32.ActiveCfg = Debug|Win32
		{1EBC7A53-4A77-5435-AB15-A12F01157985}.Debug|Win32.Build.0 = Debug|Win32
		{1EBC7A53-4A77-5435-AB15-A12F01157985}.Debug|x64.ActiveCfg = Debug|x64
		{1EBC7A53-4A77-5435-AB15-A12F01157985}.Debug|x64.Build.0 = Debug|x64
		{1EBC7A53-4A77-5435-AB15-A12F01157985}.Release|Win32.ActiveCfg = Debug|Win32
		{1EBC7A53-4A77-5435-AB15-A12F01157985}.Release|Win32.Build.0 = Debug|Win32
		{1EBC7A53-4A77-5435-AB15-A12F01157985}.Release|x64.ActiveCfg = Debug|x64
		{1EBC7A53-4A77-5435-AB15-A12F01157985}.Release|x64.Build.0 = Debug|x64
		{0A12BCDE-4F00-5637-8901-067292C84EDB}.Debug|Win32.ActiveCfg = Debug|Win32
		{0A12BCDE-4F00-5637-8901-067292C84EDB}.Debug|Win32.Build.0 = Debug|Win32
		{0A12BCDE-4F00-5637-8901-067292C84EDB}.Debug|x64.ActiveCfg = Debug|x64
		{0A12BCDE-4F00-5637-8901-067292C84EDB}.Debug|x64.Build.0 = Debug|x64
		{0A12BCDE-4F00-5637-8901-067292C84EDB}.Release|Win32.ActiveCfg = Debug|Win32
		{0A12BCDE-4F00-5637-8901-067292C84EDB}.Release|Win32.Build.0 = Debug|Win32
		{0A12BCDE-4F00-5637-8901-067292C84EDB}.Release|x64.ActiveCfg = Debug|x64
		{0A12BCDE-4F00-5637-8901-067292C84EDB}.Release|x64.Build.0 = Debug|x64
		{5A42028B-912C-AAB9-D3E1-12DF9264A5FD}.Debug|Win32.ActiveCfg = Debug|Win32
		{5A42028B-912C-AAB9-D3E1-12DF9264A5FD}.Debug|Win32.Build.0 = Debug|Win32
		{5A42028B-912C-AAB9-D3E1-12DF9264A5FD}.Debug|x64.ActiveCfg = Debug|x64
		{5A42028B-912C-AAB9-D3E1-12DF9264A5FD}.Debug|x64.Build.0 = Debug|x64
		{5A42028B-912C-AAB9-D3E1-12DF9264A5FD}.Release|Win32.ActiveCfg = Debug|Win32
		{5A42028B-912C-AAB9-D3E1-12DF9264A5FD}.Release|Win32.Build.0 = Debug|Win32
		{5A42028B-912C-AAB9-D3E1-12DF9264A5FD}.Release|x64.ActiveCfg = Debug|x64
		{5A42028B-912C-AAB9-D3E1-12DF9264A5FD}.Release|x64.Build.0 = Debug|x64
		{1EBC7A53-4677-ABCD-6748-A6FB01F18985}.Debug|Win32.ActiveCfg = Debug|Win32
		{1EBC7A53-4677-ABCD-6748-A6FB01F18985}.Debug|Win32.Build.0 = Debug|Win32
		{1EBC7A53-4677-ABCD-6748-A6FB01F18985}.Debug|x64.ActiveCfg = Debug|x64
		{1EBC7A53-4677-ABCD-6748-A6FB01F18985}.Debug|x64.Build.0 = Debug|x64
		{1EBC7A53-4677-ABCD-6748-A6FB01F18985}.Release|Win32.ActiveCfg = Debug|Win32
		{1EBC7A53-4677-ABCD-6748-A6FB01F18985}.Release|Win32.Build.0 = Debug|Win32
		{1EBC7A53-4677-ABCD-6748-A6FB01F18985}.Release|x64.ActiveCfg = Debug|x64
		{1EBC7A53-4677-ABCD-6748-A6FB01F18985}.Release|x64.Build.0 = Debug|x64
		{2C7E83B9-12E8-ABC5-97BA-A5D8D0728408}.Debug|Win32.ActiveCfg = Debug|Win32
		{2C7E83B9-12E8-ABC5-97BA-A5D8D0728408}.Debug|Win32.Build.0 = Debug|Win32
		{2C7E83B9-12E8-ABC5-97BA-A5D8D0728408}.Debug|x64.ActiveCfg = Debug|x64
		{2C7E83B9-12E8-ABC5-97BA-A5D8D0728408}.Debug|x64.Build.0 = Debug|x64
		{2C7E83B9-12E8-ABC5-97BA-A5D8D0728408}.Release|Win32.ActiveCfg = Debug|Win32
		{2C7E83B9-12E8-ABC5-97BA-A5D8D0728408}.Release|Win32.Build.0 = Debug|Win32
		{2C7E83B9-12E8-ABC5-97BA-A5D8D0728408}.Release|x64.ActiveCfg = Debug|x64
		{2C7E83B9-12E8-ABC5-97BA-A5D8D0728408}.Release|x64.Build.0 = Debug|x64
		{2F92EC58-ABBB-40B2-5258-716DB872E1E3}.Debug|Win32.ActiveCfg = Debug|Win32
		{2F92EC58-ABBB-40B2-5258-716DB872E1E3}.Debug|Win32.Build.0 = Debug|Win32
		{2F92EC58-ABBB-40B2-5258-716DB872E1E3}.Debug|x64.ActiveCfg = Debug|x64
		{2F92EC58-ABBB-40B2-5258-716DB872E1E3}.Debug|x64.Build.0 = Debug|x64
		{2F92EC58-ABBB-40B2-5258-716DB872E1E3}.Release|Win32.ActiveCfg = Debug|Win32
		{2F92EC58-ABBB-40B2-5258-716DB872E1E3}.Release|x64.ActiveCfg = Debug|x64
		{450A2F82-CAB2-4026-B8F1-DE45CAD623F1}.Debug|Win32.ActiveCfg = Debug|Win32
		{450A2F82-CAB2-4026-B8F1-DE45CAD623F1}.Debug|Win32.Build.0 = Debug|Win32
		{450A2F82-CAB2-4026-B8F1-DE45CAD623F1}.Debug|x64.ActiveCfg = Debug|x64
		{450A2F82-CAB2-4026-B8F1-DE45CAD623F1}.Debug|x64.Build.0 = Debug|x64
		{450A2F82-CAB2-4026-B8F1-DE45CAD623F1}.Release|Win32.ActiveCfg = Debug|Win32
		{450A2F82-CAB2-4026-B8F1-DE45CAD623F1}.Release|x64.ActiveCfg = Debug|x64
		{141B1AD7-0820-4423-A751-1B1E8CDCB715}.Debug|Win32.ActiveCfg = Debug|Win32
		{141B1AD7-0820-4423-A751-1B1E8CDCB715}.Debug|Win32.Build.0 = Debug|Win32
		{141B1AD7-0820-4423-A751-1B1E8CDCB715}.Debug|x64.ActiveCfg = Debug|x64
		{141B1AD7-0820-4423-A751-1B1E8CDCB715}.Debug|x64.Build.0 = Debug|x64
		{141B1AD7-0820-4423-A751-1B1E8CDCB715}.Release|Win32.ActiveCfg = Debug|Win32
		{141B1AD7-0820-4423-A751-1B1E8CDCB715}.Release|Win32.Build.0 = Debug|Win32
		{141B1AD7-0820-4423-A751-1B1E8CDCB715}.Release|x64.ActiveCfg = Debug|x64
		{141B1AD7-0820-4423-A751-1B1E8CDCB715}.Release|x64.Build.0 = Debug|x64
		{22AD4898-1301-4EE3-A505-1F17F12638B2}.Debug|Win32.ActiveCfg = Debug|Win32
		{22AD4898-1301-4EE3-A505-1F17F12638B2}.Debug|Win32.Build.0 = Debug|Win32
		{22AD4898-1301-4EE3-A505-1F17F12638B2}.Debug|x64.ActiveCfg = Debug|x64
		{22AD4898-1301-4EE3-A505-1F17F12638B2}.Debug|x64.Build.0 = Debug|x64
		{22AD4898-1301-4EE3-A505-1F17F12638B2}.Release|Win32.ActiveCfg = Debug|Win32
		{22AD4898-1301-4EE3-A505-1F17F12638B2}.Release|Win32.Build.0 = Debug|Win32
		{22AD4898-1301-4EE3-A505-1F17F12638B2}.Release|x64.ActiveCfg = Debug|x64
		{22AD4898-1301-4EE3-A505-1F17F12638B2}.Release|x64.Build.0 = Debug|x64
		{1EB17A53-4677-A13F-2244-A3FB01F18985}.Debug|Win32.ActiveCfg = Debug|Win32
		{1EB17A53-4677-A13F-2244-A3FB01F18985}.Debug|Win32.Build.0 = Debug|Win32
		{1EB17A53-4677-A13F-2244-A3FB01F18985}.Debug|x64.ActiveCfg = Debug|x64
		{1EB17A53-4677-A13F-2244-A3FB01F18985}.Debug|x64.Build.0 = Debug|x64
		{1EB17A53-4677-A13F-2244-A3FB01F18985}.Release|Win32.ActiveCfg = Debug|Win32
		{1EB17A53-4677-A13F-2244-A3FB01F18985}.Release|Win32.Build.0 = Debug|Win32
		{1EB17A53-4677-A13F-2244-A3FB01F18985}.Release|x64.ActiveCfg = Debug|x64
		{1EB17A53-4677-A13F-2244-A3FB01F18985}.Release|x64.Build.0 = Debug|x64
		{22AD4898-ABC1-EF25-A8A8-DF17F12D38B2}.Debug|Win32.ActiveCfg = Debug|Win32
		{22AD4898-ABC1-EF25-A8A8-DF17F12D38B2}.Debug|Win32.Build.0 = Debug|Win32
		{22AD4898-ABC1-EF25-A8A8-DF17F12D38B2}.Debug|x64.ActiveCfg = Debug|x64
		{22AD4898-ABC1-EF25-A8A8-DF17F12D38B2}.Debug|x64.Build.0 = Debug|x64
		{22AD4898-ABC1-EF25-A8A8-DF17F12D38B2}.Release|Win32.ActiveCfg = Debug|Win32
		{22AD4898-ABC1-EF25-A8A8-DF17F12D38B2}.Release|Win32.Build.0 = Debug|Win32
		{22AD4898-ABC1-EF25-A8A8-DF17F12D38B2}.Release|x64.ActiveCfg = Debug|x64
		{22AD4898-ABC1-EF25-A8A8-DF17F12D38B2}.Release|x64.Build.0 = Debug|x64
		{5EABE977-C56D-13FA-45DD-12A8972EA8CC}.Debug|Win32.ActiveCfg = Debug|Win32
		{5EABE977-C56D-13FA-45DD-12A8972EA8CC}.Debug|Win32.Build.0 = Debug|Win32
		{5EABE977-C56D-13FA-45DD-12A8972EA8CC}.Debug|x64.ActiveCfg = Debug|x64
		{5EABE977-C56D-13FA-45DD-12A8972EA8CC}.Debug|x64.Build.0 = Debug|x64
		{5EABE977-C56D-13FA-45DD-12A8972EA8CC}.Release|Win32.ActiveCfg = Debug|Win32
		{5EABE977-C56D-13FA-45DD-12A8972EA8CC}.Release|Win32.Build.0 = Debug|Win32
		{5EABE977-C56D-13FA-45DD-12A8972EA8CC}.Release|x64.ActiveCfg = Debug|x64
		{5EABE977-C56D-13FA-45DD-12A8972EA8CC}.Release|x64.Build.0 = Debug|x64
		{01FC1249-3B24-4DA4-87BA-BF6EA8ED6731}.Debug|Win32.ActiveCfg = Debug|Win32
		{01FC1249-3B24-4DA4-87BA-BF6EA8ED6731}.Debug|Win32.Build.0 = Debug|Win32
		{01FC1249-3B24-4DA4-87BA-BF6EA8ED6731}.Debug|x64.ActiveCfg = Debug|x64
		{01FC1249-3B24-4DA4-87BA-BF6EA8ED6731}.Debug|x64.Build.0 = Debug|x64
		{01FC1249-3B24-4DA4-87BA-BF6EA8ED6731}.Release|Win32.ActiveCfg = Debug|Win32
		{01FC1249-3B24-4DA4-87BA-BF6EA8ED6731}.Release|Win32.Build.0 = Debug|Win32
		{01FC1249-3B24-4DA4-87BA-BF6EA8ED6731}.Release|x64.ActiveCfg = Debug|x64
		{01FC1249-3B24-4DA4-87BA-BF6EA8ED6731}.Release|x64.Build.0 = Debug|x64
		{42A210A8-4E51-4D6A-9FAC-5C0E6B19FD4D}.Debug|Win32.ActiveCfg = Debug|Win32
		{42A210A8-4E51-4D6A-9FAC-5C0E6B19FD4D}.Debug|Win32.Build.0 = Debug|Win32
		{42A210A8-4E51-4D6A-9FAC-5C0E6B19FD4D}.Debug|x64.ActiveCfg = Debug|x64
		{42A210A8-4E51-4D6A-9FAC-5C0E6B19FD4D}.Debug|x64.Build.0 = Debug|x64
		{42A210A8-4E51-4D6A-9FAC-5C0E6B19FD4D}.Release|Win32.ActiveCfg = Debug|Win32
		{42A210A8-4E51-4D6A-9FAC-5C0E6B19FD4D}.Release|Win32.Build.0 = Debug|Win32
		{42A210A8-4E51-4D6A-9FAC-5C0E6B19FD4D}.Release|x64.ActiveCfg = Debug|x64
		{42A210A8-4E51-4D6A-9FAC-5C0E6B19FD4D}.Release|x64.Build.0 = Debug|x64
		{972D1765-90E0-4ABD-93D7-88CB0ADCE9DB}.Debug|Win32.ActiveCfg = Debug|Win32
		{972D1765-90E0-4ABD-93D7-88CB0ADCE9DB}.Debug|Win32.Build.0 = Debug|Win32
		{972D1765-90E0-4ABD-93D7-88CB0ADCE9DB}.Debug|x64.ActiveCfg = Debug|x64
		{972D1765-90E0-4ABD-93D7-88CB0ADCE9DB}.Debug|x64.Build.0 = Debug|x64
		{972D1765-90E0-4ABD-93D7-88CB0ADCE9DB}.Release|Win32.ActiveCfg = Debug|Win32
		{972D1765-90E0-4ABD-93D7-88CB0ADCE9DB}.Release|Win32.Build.0 = Debug|Win32
		{972D1765-90E0-4ABD-93D7-88CB0ADCE9DB}.Release|x64.ActiveCfg = Debug|x64
		{972D1765-90E0-4ABD-93D7-88CB0ADCE9DB}.Release|x64.Build.0 = Debug|x64
		{F9BC0379-5B09-42C0-AB08-0532C12CD397}.Debug|Win32.ActiveCfg = Debug|Win32
		{F9BC0379-5B09-42C0-AB08-0532C12CD397}.Debug|Win32.Build.0 = Debug|Win32
		{F9BC0379-5B09-42C0-AB08-0532C12CD397}.Debug|x64.ActiveCfg = Debug|x64
		{F9BC0379-5B09-42C0-AB08-0532C12CD397}.Debug|x64.Build.0 = Debug|x64
		{F9BC0379-5B09-42C0-AB08-0532C12CD397}.Release|Win32.ActiveCfg = Debug|Win32
		{F9BC0379-5B09-42C0-AB08-0532C12CD397}.Release|Win32.Build.0 = Debug|Win32
		{F9BC0379-5B09-42C0-AB08-0532C12CD397}.Release|x64.ActiveCfg = Debug|x64
		{F9BC0379-5B09-42C0-AB08-0532C12CD397}.Release|x64.Build.0 = Debug|x64
		{C146018B-9ADC-A745-A7E4-532192649FCA}.Debug|Win32.ActiveCfg = Debug|Win32
		{C146018B-9ADC-A745-A7E4-532192649FCA}.Debug|Win32.Build.0 = Debug|Win32
		{C146018B-9ADC-A745-A7E4-532192649FCA}.Debug|x64.ActiveCfg = Debug|x64
		{C146018B-9ADC-A745-A7E4-532192649FCA}.Debug|x64.Build.0 = Debug|x64
		{C146018B-9ADC-A745-A7E4-532192649FCA}.Release|Win32.ActiveCfg = Debug|Win32
		{C146018B-9ADC-A745-A7E4-532192649FCA}.Release|Win32.Build.0 = Debug|Win32
		{C146018B-9ADC-A745-A7E4-532192649FCA}.Release|x64.ActiveCfg = Debug|x64
		{C146018B-9ADC-A745-A7E4-532192649FCA}.Release|x64.Build.0 = Debug|x64
		{8B2E140D-E759-441F-B2BC-B9FE61CDF741}.Debug|Win32.ActiveCfg = Debug|Win32
		{8B2E140D-E759-441F-B2BC-B9FE61CDF741}.Debug|Win32.Build.0 = Debug|Win32
		{8B2E140D-E759-441F-B2BC-B9FE61CDF741}.Debug|x64.ActiveCfg = Debug|x64
		{8B2E140D-E759-441F-B2BC-B9FE61CDF741}.Debug|x64.Build.0 = Debug|x64
		{8B2E140D-E759-441F-B2BC-B9FE61CDF741}.Release|Win32.ActiveCfg = Debug|Win32
		{8B2E140D-E759-441F-B2BC-B9FE61CDF741}.Release|Win32.Build.0 = Debug|Win32
		{8B2E140D-E759-441F-B2BC-B9FE61CDF741}.Release|x64.ActiveCfg = Debug|x64
		{8B2E140D-E759-441F-B2BC-B9FE61CDF741}.Release|x64.Build.0 = Debug|x64
		{C063C5F8-3688-4EC3-B7CC-78D58533B6BC}.Debug|Win32.ActiveCfg = Debug|Win32
		{C063C5F8-3688-4EC3-B7CC-78D58533B6BC}.Debug|Win32.Build.0 = Debug|Win32
		{C063C5F8-3688-4EC3-B7CC-78D58533B6BC}.Debug|x64.ActiveCfg = Debug|x64
		{C063C5F8-3688-4EC3-B7CC-78D58533B6BC}.Debug|x64.Build.0 = Debug|x64
		{C063C5F8-3688-4EC3-B7CC-78D58533B6BC}.Release|Win32.ActiveCfg = Debug|Win32
		{C063C5F8-3688-4EC3-B7CC-78D58533B6BC}.Release|x64.ActiveCfg = Debug|x64
		{710DA52B-3657-467E-A619-BE40A7D1B7A9}.Debug|Win32.ActiveCfg = Debug|Win32
		{710DA52B-3657-467E-A619-BE40A7D1B7A9}.Debug|Win32.Build.0 = Debug|Win32
		{710DA52B-3657-467E-A619-BE40A7D1B7A9}.Debug|x64.ActiveCfg = Debug|x64
		{710DA52B-3657-467E-A619-BE40A7D1B7A9}.Debug|x64.Build.0 = Debug|x64
		{710DA52B-3657-467E-A619-BE40A7D1B7A9}.Release|Win32.ActiveCfg = Debug|Win32
		{710DA52B-3657-467E-A619-BE40A7D1B7A9}.Release|x64.ActiveCfg = Debug|x64
		{C0E4757A-8A78-48C1-B507-E2A95AA18B25}.Debug|Win32.ActiveCfg = Debug|Win32
		{C0E4757A-8A78-48C1-B507-E2A95AA18B25}.Debug|Win32.Build.0 = Debug|Win32
		{C0E4757A-8A78-48C1-B507-E2A95AA18B25}.Debug|x64.ActiveCfg = Debug|x64
		{C0E4757A-8A78-48C1-B507-E2A95AA18B25}.Debug|x64.Build.0 = Debug|x64
		{C0E4757A-8A78-48C1-B507-E2A95AA18B25}.Release|Win32.ActiveCfg = Release|Win32
		{C0E4757A-8A78-48C1-B507-E2A95AA18B25}.Release|Win32.Build.0 = Release|Win32
		{C0E4757A-8A78-48C1-B507-E2A95AA18B25}.Release|x64.ActiveCfg = Release|x64
		{C0E4757A-8A78-48C1-B507-E2A95AA18B25}.Release|x64.Build.0 = Release|x64
		{E1563874-0732-46F5-BC4F-F373CF0652BA}.Debug|Win32.ActiveCfg = Debug|Win32
		{E1563874-0732-46F5-BC4F-F373CF0652BA}.Debug|Win32.Build.0 = Debug|Win32
		{E1563874-0732-46F5-BC4F-F373CF0652BA}.Debug|x64.ActiveCfg = Debug|x64
		{E1563874-0732-46F5-BC4F-F373CF0652BA}.Debug|x64.Build.0 = Debug|x64
		{E1563874-0732-46F5-BC4F-F373CF0652BA}.Release|Win32.ActiveCfg = Release|Win32
		{E1563874-0732-46F5-BC4F-F373CF0652BA}.Release|Win32.Build.0 = Release|Win32
		{E1563874-0732-46F5-BC4F-F373CF0652BA}.Release|x64.ActiveCfg = Release|x64
		{E1563874-0732-46F5-BC4F-F373CF0652BA}.Release|x64.Build.0 = Release|x64
	EndGlobalSection
	GlobalSection(SolutionProperties) = preSolution
		HideSolutionNode = FALSE
	EndGlobalSection
	GlobalSection(NestedProjects) = preSolution
		{2C7E83B9-7FE8-432A-97BA-FCF4D0728408} = {B7B3CB79-CA94-4ED3-9DCA-EC12458C2EBD}
		{2C7E83B9-7FE8-5555-97BA-FCF4D0728408} = {B7B3CB79-CA94-4ED3-9DCA-EC12458C2EBD}
		{2C7E83B9-1234-432A-97BA-FCF4D0728408} = {B7B3CB79-CA94-4ED3-9DCA-EC12458C2EBD}
		{2F92EC58-D94C-40BF-8C82-77607C72E1E3} = {FC52B7B5-744E-45D6-815C-3502F9D965E7}
		{2F92EC58-1234-40BF-5678-77607C72E1E3} = {FC52B7B5-744E-45D6-815C-3502F9D965E7}
		{2C7E83B9-123A-BCDF-97BA-FCF4D0728408} = {B7B3CB79-CA94-4ED3-9DCA-EC12458C2EBD}
		{1EBC7A53-4677-4C3A-8D4A-49D301F17D85} = {1CBEAA34-BA34-497D-A775-B9AF6F905696}
		{A60D658D-766C-40DB-BAE4-59AB884D86FB} = {B24D8E0A-2EB5-4C49-A146-C0AABEF81788}
		{0F789DF8-22CC-4392-98DB-AC3960FAD4EA} = {B24D8E0A-2EB5-4C49-A146-C0AABEF81788}
		{2F92EC58-D94C-40BF-4444-77607C72E1E3} = {B24D8E0A-2EB5-4C49-A146-C0AABEF81788}
		{1EBC7A53-4677-ADF1-8D4A-49D301F17D85} = {1CBEAA34-BA34-497D-A775-B9AF6F905696}
		{1EBC7A53-4677-75D7-8D4A-49D301F17D85} = {1CBEAA34-BA34-497D-A775-B9AF6F905696}
		{1EBC7A53-4677-4C3A-8D4A-49D301157985} = {1CBEAA34-BA34-497D-A775-B9AF6F905696}
		{1EBC7A53-4677-5555-2222-49D301157985} = {1CBEAA34-BA34-497D-A775-B9AF6F905696}
		{B4823266-DF8C-4EFB-91C0-C7688C234EAC} = {1CBEAA34-BA34-497D-A775-B9AF6F905696}
		{1EBC7A53-4677-FFFF-1234-49D301F17D85} = {1CBEAA34-BA34-497D-A775-B9AF6F905696}
		{9462FDEA-3E53-4250-8710-DD50AF48607C} = {FC52B7B5-744E-45D6-815C-3502F9D965E7}
		{C684B76D-52EC-49CE-84F2-B031509419A5} = {FC52B7B5-744E-45D6-815C-3502F9D965E7}
		{E7D19356-B0AB-44AD-ACCB-5FFFCC4837BE} = {B24D8E0A-2EB5-4C49-A146-C0AABEF81788}
		{389DF3C9-A628-4F6D-8C52-8924FA01DE66} = {B24D8E0A-2EB5-4C49-A146-C0AABEF81788}
		{1EBC7A53-4A77-5435-AB15-A12F01157985} = {1CBEAA34-BA34-497D-A775-B9AF6F905696}
		{5A42028B-912C-AAB9-D3E1-12DF9264A5FD} = {F234B940-EF8E-4662-BAE2-163E1BCA9D03}
		{1EBC7A53-4677-ABCD-6748-A6FB01F18985} = {1CBEAA34-BA34-497D-A775-B9AF6F905696}
		{2C7E83B9-12E8-ABC5-97BA-A5D8D0728408} = {B7B3CB79-CA94-4ED3-9DCA-EC12458C2EBD}
		{2F92EC58-ABBB-40B2-5258-716DB872E1E3} = {FC52B7B5-744E-45D6-815C-3502F9D965E7}
		{450A2F82-CAB2-4026-B8F1-DE45CAD623F1} = {17F9D7FC-3317-4548-B42A-76DCE2C4F94D}
		{141B1AD7-0820-4423-A751-1B1E8CDCB715} = {17F9D7FC-3317-4548-B42A-76DCE2C4F94D}
		{22AD4898-1301-4EE3-A505-1F17F12638B2} = {17F9D7FC-3317-4548-B42A-76DCE2C4F94D}
		{1EB17A53-4677-A13F-2244-A3FB01F18985} = {1CBEAA34-BA34-497D-A775-B9AF6F905696}
		{22AD4898-ABC1-EF25-A8A8-DF17F12D38B2} = {17F9D7FC-3317-4548-B42A-76DCE2C4F94D}
		{01FC1249-3B24-4DA4-87BA-BF6EA8ED6731} = {1CBEAA34-BA34-497D-A775-B9AF6F905696}
		{42A210A8-4E51-4D6A-9FAC-5C0E6B19FD4D} = {1CBEAA34-BA34-497D-A775-B9AF6F905696}
		{F9BC0379-5B09-42C0-AB08-0532C12CD397} = {1CBEAA34-BA34-497D-A775-B9AF6F905696}
		{C146018B-9ADC-A745-A7E4-532192649FCA} = {F234B940-EF8E-4662-BAE2-163E1BCA9D03}
		{8B2E140D-E759-441F-B2BC-B9FE61CDF741} = {1CBEAA34-BA34-497D-A775-B9AF6F905696}
		{C063C5F8-3688-4EC3-B7CC-78D58533B6BC} = {B24D8E0A-2EB5-4C49-A146-C0AABEF81788}
		{710DA52B-3657-467E-A619-BE40A7D1B7A9} = {B24D8E0A-2EB5-4C49-A146-C0AABEF81788}
		{C0E4757A-8A78-48C1-B507-E2A95AA18B25} = {FC52B7B5-744E-45D6-815C-3502F9D965E7}
		{E1563874-0732-46F5-BC4F-F373CF0652BA} = {FC52B7B5-744E-45D6-815C-3502F9D965E7}
	EndGlobalSection
	GlobalSection(DevPartner) = postSolution
	EndGlobalSection
	GlobalSection(DevPartner) = postSolution
	EndGlobalSection
	GlobalSection(DevPartner) = postSolution
	EndGlobalSection
	GlobalSection(DevPartner) = postSolution
	EndGlobalSection
	GlobalSection(DevPartner) = postSolution
	EndGlobalSection
	GlobalSection(DevPartner) = postSolution
	EndGlobalSection
	GlobalSection(DevPartner) = postSolution
	EndGlobalSection
	GlobalSection(DevPartner) = postSolution
	EndGlobalSection
	GlobalSection(DevPartner) = postSolution
	EndGlobalSection
	GlobalSection(DevPartner) = postSolution
	EndGlobalSection
	GlobalSection(DevPartner) = postSolution
	EndGlobalSection
	GlobalSection(DevPartner) = postSolution
	EndGlobalSection
	GlobalSection(DevPartner) = postSolution
	EndGlobalSection
	GlobalSection(DevPartner) = postSolution
	EndGlobalSection
	GlobalSection(DevPartner) = postSolution
	EndGlobalSection
	GlobalSection(DevPartner) = postSolution
	EndGlobalSection
	GlobalSection(DevPartner) = postSolution
	EndGlobalSection
	GlobalSection(DevPartner) = postSolution
	EndGlobalSection
	GlobalSection(DevPartner) = postSolution
	EndGlobalSection
	GlobalSection(DevPartner) = postSolution
	EndGlobalSection
EndGlobal
