<?xml version="1.0" encoding="utf-8"?>
<Project ToolsVersion="4.0" xmlns="http://schemas.microsoft.com/developer/msbuild/2003">
  <ItemGroup>
    <ClCompile Include="..\srcscintilla\iup_scintilla.cpp" />
    <ClCompile Include="..\srcscintilla\win32\PlatWin.cxx">
      <Filter>Scintilla</Filter>
    </ClCompile>
    <ClCompile Include="..\srcscintilla\win32\ScintillaWin.cxx">
      <Filter>Scintilla</Filter>
    </ClCompile>
    <ClCompile Include="..\srcscintilla\win32\HanjaDic.cxx">
      <Filter>Scintilla</Filter>
    </ClCompile>
  </ItemGroup>
  <ItemGroup>
    <Filter Include="Scintilla">
      <UniqueIdentifier>{8c0cd754-c304-4772-81e0-c2ad0d081fd8}</UniqueIdentifier>
    </Filter>
    <Filter Include="Scintilla\inc">
      <UniqueIdentifier>{103074ac-7c09-405d-9923-e714aac1edcc}</UniqueIdentifier>
    </Filter>
  </ItemGroup>
  <ItemGroup>
    <ClInclude Include="..\srcscintilla\win32\PlatWin.h">
      <Filter>Scintilla\inc</Filter>
    </ClInclude>
    <ClInclude Include="..\srcscintilla\win32\HanjaDic.h">
      <Filter>Scintilla\inc</Filter>
    </ClInclude>
  </ItemGroup>
  <ItemGroup>
    <None Include="..\srcscintilla\iup_scintilla.def" />
  </ItemGroup>
</Project>