<?xml version="1.0" encoding="utf-8"?>
<Project ToolsVersion="4.0" xmlns="http://schemas.microsoft.com/developer/msbuild/2003">
  <ItemGroup>
    <ClCompile Include="..\srcscintilla\iupsci_bracelight.c" />
    <ClCompile Include="..\srcscintilla\iupsci_clipboard.c" />
    <ClCompile Include="..\srcscintilla\iupsci_cursor.c" />
    <ClCompile Include="..\srcscintilla\iupsci_folding.c" />
    <ClCompile Include="..\srcscintilla\iupsci_lexer.c" />
    <ClCompile Include="..\srcscintilla\iupsci_margin.c" />
    <ClCompile Include="..\srcscintilla\iupsci_markers.c" />
    <ClCompile Include="..\srcscintilla\iupsci_overtype.c" />
    <ClCompile Include="..\srcscintilla\iupsci_scrolling.c" />
    <ClCompile Include="..\srcscintilla\iupsci_selection.c" />
    <ClCompile Include="..\srcscintilla\iupsci_style.c" />
    <ClCompile Include="..\srcscintilla\iupsci_tab.c" />
    <ClCompile Include="..\srcscintilla\iupsci_text.c" />
    <ClCompile Include="..\srcscintilla\iupsci_whitespace.c" />
    <ClCompile Include="..\srcscintilla\iupsci_wordwrap.c" />
    <ClCompile Include="..\srcscintilla\src\AutoComplete.cxx">
      <Filter>Scintilla</Filter>
    </ClCompile>
    <ClCompile Include="..\srcscintilla\src\CallTip.cxx">
      <Filter>Scintilla</Filter>
    </ClCompile>
    <ClCompile Include="..\srcscintilla\src\Catalogue.cxx">
      <Filter>Scintilla</Filter>
    </ClCompile>
    <ClCompile Include="..\srcscintilla\src\CellBuffer.cxx">
      <Filter>Scintilla</Filter>
    </ClCompile>
    <ClCompile Include="..\srcscintilla\src\CharClassify.cxx">
      <Filter>Scintilla</Filter>
    </ClCompile>
    <ClCompile Include="..\srcscintilla\src\ContractionState.cxx">
      <Filter>Scintilla</Filter>
    </ClCompile>
    <ClCompile Include="..\srcscintilla\src\Decoration.cxx">
      <Filter>Scintilla</Filter>
    </ClCompile>
    <ClCompile Include="..\srcscintilla\src\Document.cxx">
      <Filter>Scintilla</Filter>
    </ClCompile>
    <ClCompile Include="..\srcscintilla\src\Editor.cxx">
      <Filter>Scintilla</Filter>
    </ClCompile>
    <ClCompile Include="..\srcscintilla\src\ExternalLexer.cxx">
      <Filter>Scintilla</Filter>
    </ClCompile>
    <ClCompile Include="..\srcscintilla\src\Indicator.cxx">
      <Filter>Scintilla</Filter>
    </ClCompile>
    <ClCompile Include="..\srcscintilla\src\KeyMap.cxx">
      <Filter>Scintilla</Filter>
    </ClCompile>
    <ClCompile Include="..\srcscintilla\src\LineMarker.cxx">
      <Filter>Scintilla</Filter>
    </ClCompile>
    <ClCompile Include="..\srcscintilla\src\PerLine.cxx">
      <Filter>Scintilla</Filter>
    </ClCompile>
    <ClCompile Include="..\srcscintilla\src\PositionCache.cxx">
      <Filter>Scintilla</Filter>
    </ClCompile>
    <ClCompile Include="..\srcscintilla\src\RESearch.cxx">
      <Filter>Scintilla</Filter>
    </ClCompile>
    <ClCompile Include="..\srcscintilla\src\RunStyles.cxx">
      <Filter>Scintilla</Filter>
    </ClCompile>
    <ClCompile Include="..\srcscintilla\src\ScintillaBase.cxx">
      <Filter>Scintilla</Filter>
    </ClCompile>
    <ClCompile Include="..\srcscintilla\src\Selection.cxx">
      <Filter>Scintilla</Filter>
    </ClCompile>
    <ClCompile Include="..\srcscintilla\src\Style.cxx">
      <Filter>Scintilla</Filter>
    </ClCompile>
    <ClCompile Include="..\srcscintilla\src\UniConversion.cxx">
      <Filter>Scintilla</Filter>
    </ClCompile>
    <ClCompile Include="..\srcscintilla\src\ViewStyle.cxx">
      <Filter>Scintilla</Filter>
    </ClCompile>
    <ClCompile Include="..\srcscintilla\src\XPM.cxx">
      <Filter>Scintilla</Filter>
    </ClCompile>
    <ClCompile Include="..\srcscintilla\iupsci_annotation.c" />
    <ClCompile Include="..\srcscintilla\src\CaseConvert.cxx">
      <Filter>Scintilla</Filter>
    </ClCompile>
    <ClCompile Include="..\srcscintilla\src\CaseFolder.cxx">
      <Filter>Scintilla</Filter>
    </ClCompile>
    <ClCompile Include="..\srcscintilla\iupsci_autocompletion.c" />
    <ClCompile Include="..\srcscintilla\iupsci_searching.c" />
    <ClCompile Include="..\srcscintilla\lexers\LexA68k.cxx">
      <Filter>Scintilla\Lexers</Filter>
    </ClCompile>
    <ClCompile Include="..\srcscintilla\lexers\LexAbaqus.cxx">
      <Filter>Scintilla\Lexers</Filter>
    </ClCompile>
    <ClCompile Include="..\srcscintilla\lexers\LexAda.cxx">
      <Filter>Scintilla\Lexers</Filter>
    </ClCompile>
    <ClCompile Include="..\srcscintilla\lexers\LexAPDL.cxx">
      <Filter>Scintilla\Lexers</Filter>
    </ClCompile>
    <ClCompile Include="..\srcscintilla\lexers\LexAsm.cxx">
      <Filter>Scintilla\Lexers</Filter>
    </ClCompile>
    <ClCompile Include="..\srcscintilla\lexers\LexAsn1.cxx">
      <Filter>Scintilla\Lexers</Filter>
    </ClCompile>
    <ClCompile Include="..\srcscintilla\lexers\LexASY.cxx">
      <Filter>Scintilla\Lexers</Filter>
    </ClCompile>
    <ClCompile Include="..\srcscintilla\lexers\LexAU3.cxx">
      <Filter>Scintilla\Lexers</Filter>
    </ClCompile>
    <ClCompile Include="..\srcscintilla\lexers\LexAVE.cxx">
      <Filter>Scintilla\Lexers</Filter>
    </ClCompile>
    <ClCompile Include="..\srcscintilla\lexers\LexAVS.cxx">
      <Filter>Scintilla\Lexers</Filter>
    </ClCompile>
    <ClCompile Include="..\srcscintilla\lexers\LexBaan.cxx">
      <Filter>Scintilla\Lexers</Filter>
    </ClCompile>
    <ClCompile Include="..\srcscintilla\lexers\LexBash.cxx">
      <Filter>Scintilla\Lexers</Filter>
    </ClCompile>
    <ClCompile Include="..\srcscintilla\lexers\LexBasic.cxx">
      <Filter>Scintilla\Lexers</Filter>
    </ClCompile>
    <ClCompile Include="..\srcscintilla\lexers\LexBullant.cxx">
      <Filter>Scintilla\Lexers</Filter>
    </ClCompile>
    <ClCompile Include="..\srcscintilla\lexers\LexCaml.cxx">
      <Filter>Scintilla\Lexers</Filter>
    </ClCompile>
    <ClCompile Include="..\srcscintilla\lexers\LexCLW.cxx">
      <Filter>Scintilla\Lexers</Filter>
    </ClCompile>
    <ClCompile Include="..\srcscintilla\lexers\LexCmake.cxx">
      <Filter>Scintilla\Lexers</Filter>
    </ClCompile>
    <ClCompile Include="..\srcscintilla\lexers\LexCOBOL.cxx">
      <Filter>Scintilla\Lexers</Filter>
    </ClCompile>
    <ClCompile Include="..\srcscintilla\lexers\LexCoffeeScript.cxx">
      <Filter>Scintilla\Lexers</Filter>
    </ClCompile>
    <ClCompile Include="..\srcscintilla\lexers\LexConf.cxx">
      <Filter>Scintilla\Lexers</Filter>
    </ClCompile>
    <ClCompile Include="..\srcscintilla\lexers\LexCPP.cxx">
      <Filter>Scintilla\Lexers</Filter>
    </ClCompile>
    <ClCompile Include="..\srcscintilla\lexers\LexCrontab.cxx">
      <Filter>Scintilla\Lexers</Filter>
    </ClCompile>
    <ClCompile Include="..\srcscintilla\lexers\LexCsound.cxx">
      <Filter>Scintilla\Lexers</Filter>
    </ClCompile>
    <ClCompile Include="..\srcscintilla\lexers\LexCSS.cxx">
      <Filter>Scintilla\Lexers</Filter>
    </ClCompile>
    <ClCompile Include="..\srcscintilla\lexers\LexD.cxx">
      <Filter>Scintilla\Lexers</Filter>
    </ClCompile>
    <ClCompile Include="..\srcscintilla\lexers\LexDMAP.cxx">
      <Filter>Scintilla\Lexers</Filter>
    </ClCompile>
    <ClCompile Include="..\srcscintilla\lexers\LexECL.cxx">
      <Filter>Scintilla\Lexers</Filter>
    </ClCompile>
    <ClCompile Include="..\srcscintilla\lexers\LexEiffel.cxx">
      <Filter>Scintilla\Lexers</Filter>
    </ClCompile>
    <ClCompile Include="..\srcscintilla\lexers\LexEScript.cxx">
      <Filter>Scintilla\Lexers</Filter>
    </ClCompile>
    <ClCompile Include="..\srcscintilla\lexers\LexFlagship.cxx">
      <Filter>Scintilla\Lexers</Filter>
    </ClCompile>
    <ClCompile Include="..\srcscintilla\lexers\LexForth.cxx">
      <Filter>Scintilla\Lexers</Filter>
    </ClCompile>
    <ClCompile Include="..\srcscintilla\lexers\LexFortran.cxx">
      <Filter>Scintilla\Lexers</Filter>
    </ClCompile>
    <ClCompile Include="..\srcscintilla\lexers\LexGAP.cxx">
      <Filter>Scintilla\Lexers</Filter>
    </ClCompile>
    <ClCompile Include="..\srcscintilla\lexers\LexGui4Cli.cxx">
      <Filter>Scintilla\Lexers</Filter>
    </ClCompile>
    <ClCompile Include="..\srcscintilla\lexers\LexHaskell.cxx">
      <Filter>Scintilla\Lexers</Filter>
    </ClCompile>
    <ClCompile Include="..\srcscintilla\lexers\LexHTML.cxx">
      <Filter>Scintilla\Lexers</Filter>
    </ClCompile>
    <ClCompile Include="..\srcscintilla\lexers\LexInno.cxx">
      <Filter>Scintilla\Lexers</Filter>
    </ClCompile>
    <ClCompile Include="..\srcscintilla\lexers\LexKix.cxx">
      <Filter>Scintilla\Lexers</Filter>
    </ClCompile>
    <ClCompile Include="..\srcscintilla\lexers\LexKVIrc.cxx">
      <Filter>Scintilla\Lexers</Filter>
    </ClCompile>
    <ClCompile Include="..\srcscintilla\lexers\LexLaTeX.cxx">
      <Filter>Scintilla\Lexers</Filter>
    </ClCompile>
    <ClCompile Include="..\srcscintilla\lexers\LexLisp.cxx">
      <Filter>Scintilla\Lexers</Filter>
    </ClCompile>
    <ClCompile Include="..\srcscintilla\lexers\LexLout.cxx">
      <Filter>Scintilla\Lexers</Filter>
    </ClCompile>
    <ClCompile Include="..\srcscintilla\lexers\LexLua.cxx">
      <Filter>Scintilla\Lexers</Filter>
    </ClCompile>
    <ClCompile Include="..\srcscintilla\lexers\LexMagik.cxx">
      <Filter>Scintilla\Lexers</Filter>
    </ClCompile>
    <ClCompile Include="..\srcscintilla\lexers\LexMarkdown.cxx">
      <Filter>Scintilla\Lexers</Filter>
    </ClCompile>
    <ClCompile Include="..\srcscintilla\lexers\LexMatlab.cxx">
      <Filter>Scintilla\Lexers</Filter>
    </ClCompile>
    <ClCompile Include="..\srcscintilla\lexers\LexMetapost.cxx">
      <Filter>Scintilla\Lexers</Filter>
    </ClCompile>
    <ClCompile Include="..\srcscintilla\lexers\LexMMIXAL.cxx">
      <Filter>Scintilla\Lexers</Filter>
    </ClCompile>
    <ClCompile Include="..\srcscintilla\lexers\LexModula.cxx">
      <Filter>Scintilla\Lexers</Filter>
    </ClCompile>
    <ClCompile Include="..\srcscintilla\lexers\LexMPT.cxx">
      <Filter>Scintilla\Lexers</Filter>
    </ClCompile>
    <ClCompile Include="..\srcscintilla\lexers\LexMSSQL.cxx">
      <Filter>Scintilla\Lexers</Filter>
    </ClCompile>
    <ClCompile Include="..\srcscintilla\lexers\LexMySQL.cxx">
      <Filter>Scintilla\Lexers</Filter>
    </ClCompile>
    <ClCompile Include="..\srcscintilla\lexers\LexNimrod.cxx">
      <Filter>Scintilla\Lexers</Filter>
    </ClCompile>
    <ClCompile Include="..\srcscintilla\lexers\LexNsis.cxx">
      <Filter>Scintilla\Lexers</Filter>
    </ClCompile>
    <ClCompile Include="..\srcscintilla\lexers\LexOpal.cxx">
      <Filter>Scintilla\Lexers</Filter>
    </ClCompile>
    <ClCompile Include="..\srcscintilla\lexers\LexOScript.cxx">
      <Filter>Scintilla\Lexers</Filter>
    </ClCompile>
    <ClCompile Include="..\srcscintilla\lexers\LexPascal.cxx">
      <Filter>Scintilla\Lexers</Filter>
    </ClCompile>
    <ClCompile Include="..\srcscintilla\lexers\LexPB.cxx">
      <Filter>Scintilla\Lexers</Filter>
    </ClCompile>
    <ClCompile Include="..\srcscintilla\lexers\LexPerl.cxx">
      <Filter>Scintilla\Lexers</Filter>
    </ClCompile>
    <ClCompile Include="..\srcscintilla\lexers\LexPLM.cxx">
      <Filter>Scintilla\Lexers</Filter>
    </ClCompile>
    <ClCompile Include="..\srcscintilla\lexers\LexPO.cxx">
      <Filter>Scintilla\Lexers</Filter>
    </ClCompile>
    <ClCompile Include="..\srcscintilla\lexers\LexPOV.cxx">
      <Filter>Scintilla\Lexers</Filter>
    </ClCompile>
    <ClCompile Include="..\srcscintilla\lexers\LexPowerPro.cxx">
      <Filter>Scintilla\Lexers</Filter>
    </ClCompile>
    <ClCompile Include="..\srcscintilla\lexers\LexPowerShell.cxx">
      <Filter>Scintilla\Lexers</Filter>
    </ClCompile>
    <ClCompile Include="..\srcscintilla\lexers\LexProgress.cxx">
      <Filter>Scintilla\Lexers</Filter>
    </ClCompile>
    <ClCompile Include="..\srcscintilla\lexers\LexPS.cxx">
      <Filter>Scintilla\Lexers</Filter>
    </ClCompile>
    <ClCompile Include="..\srcscintilla\lexers\LexPython.cxx">
      <Filter>Scintilla\Lexers</Filter>
    </ClCompile>
    <ClCompile Include="..\srcscintilla\lexers\LexR.cxx">
      <Filter>Scintilla\Lexers</Filter>
    </ClCompile>
    <ClCompile Include="..\srcscintilla\lexers\LexRebol.cxx">
      <Filter>Scintilla\Lexers</Filter>
    </ClCompile>
    <ClCompile Include="..\srcscintilla\lexers\LexRuby.cxx">
      <Filter>Scintilla\Lexers</Filter>
    </ClCompile>
    <ClCompile Include="..\srcscintilla\lexers\LexRust.cxx">
      <Filter>Scintilla\Lexers</Filter>
    </ClCompile>
    <ClCompile Include="..\srcscintilla\lexers\LexScriptol.cxx">
      <Filter>Scintilla\Lexers</Filter>
    </ClCompile>
    <ClCompile Include="..\srcscintilla\lexers\LexSmalltalk.cxx">
      <Filter>Scintilla\Lexers</Filter>
    </ClCompile>
    <ClCompile Include="..\srcscintilla\lexers\LexSML.cxx">
      <Filter>Scintilla\Lexers</Filter>
    </ClCompile>
    <ClCompile Include="..\srcscintilla\lexers\LexSorcus.cxx">
      <Filter>Scintilla\Lexers</Filter>
    </ClCompile>
    <ClCompile Include="..\srcscintilla\lexers\LexSpecman.cxx">
      <Filter>Scintilla\Lexers</Filter>
    </ClCompile>
    <ClCompile Include="..\srcscintilla\lexers\LexSpice.cxx">
      <Filter>Scintilla\Lexers</Filter>
    </ClCompile>
    <ClCompile Include="..\srcscintilla\lexers\LexSQL.cxx">
      <Filter>Scintilla\Lexers</Filter>
    </ClCompile>
    <ClCompile Include="..\srcscintilla\lexers\LexSTTXT.cxx">
      <Filter>Scintilla\Lexers</Filter>
    </ClCompile>
    <ClCompile Include="..\srcscintilla\lexers\LexTACL.cxx">
      <Filter>Scintilla\Lexers</Filter>
    </ClCompile>
    <ClCompile Include="..\srcscintilla\lexers\LexTADS3.cxx">
      <Filter>Scintilla\Lexers</Filter>
    </ClCompile>
    <ClCompile Include="..\srcscintilla\lexers\LexTAL.cxx">
      <Filter>Scintilla\Lexers</Filter>
    </ClCompile>
    <ClCompile Include="..\srcscintilla\lexers\LexTCL.cxx">
      <Filter>Scintilla\Lexers</Filter>
    </ClCompile>
    <ClCompile Include="..\srcscintilla\lexers\LexTCMD.cxx">
      <Filter>Scintilla\Lexers</Filter>
    </ClCompile>
    <ClCompile Include="..\srcscintilla\lexers\LexTeX.cxx">
      <Filter>Scintilla\Lexers</Filter>
    </ClCompile>
    <ClCompile Include="..\srcscintilla\lexers\LexTxt2tags.cxx">
      <Filter>Scintilla\Lexers</Filter>
    </ClCompile>
    <ClCompile Include="..\srcscintilla\lexers\LexVB.cxx">
      <Filter>Scintilla\Lexers</Filter>
    </ClCompile>
    <ClCompile Include="..\srcscintilla\lexers\LexVerilog.cxx">
      <Filter>Scintilla\Lexers</Filter>
    </ClCompile>
    <ClCompile Include="..\srcscintilla\lexers\LexVHDL.cxx">
      <Filter>Scintilla\Lexers</Filter>
    </ClCompile>
    <ClCompile Include="..\srcscintilla\lexers\LexVisualProlog.cxx">
      <Filter>Scintilla\Lexers</Filter>
    </ClCompile>
    <ClCompile Include="..\srcscintilla\lexers\LexYAML.cxx">
      <Filter>Scintilla\Lexers</Filter>
    </ClCompile>
    <ClCompile Include="..\srcscintilla\lexers\LexDMIS.cxx">
      <Filter>Scintilla\Lexers</Filter>
    </ClCompile>
    <ClCompile Include="..\srcscintilla\lexers\LexHex.cxx">
      <Filter>Scintilla\Lexers</Filter>
    </ClCompile>
    <ClCompile Include="..\srcscintilla\lexers\LexRegistry.cxx">
      <Filter>Scintilla\Lexers</Filter>
    </ClCompile>
    <ClCompile Include="..\srcscintilla\lexers\LexBibTeX.cxx">
      <Filter>Scintilla\Lexers</Filter>
    </ClCompile>
    <ClCompile Include="..\srcscintilla\src\EditView.cxx">
      <Filter>Scintilla</Filter>
    </ClCompile>
    <ClCompile Include="..\srcscintilla\src\MarginView.cxx">
      <Filter>Scintilla</Filter>
    </ClCompile>
    <ClCompile Include="..\srcscintilla\src\EditModel.cxx">
      <Filter>Scintilla</Filter>
    </ClCompile>
    <ClCompile Include="..\srcscintilla\lexers\LexProps.cxx">
      <Filter>Scintilla\Lexers</Filter>
    </ClCompile>
    <ClCompile Include="..\srcscintilla\lexers\LexBatch.cxx">
      <Filter>Scintilla\Lexers</Filter>
    </ClCompile>
    <ClCompile Include="..\srcscintilla\lexers\LexDiff.cxx">
      <Filter>Scintilla\Lexers</Filter>
    </ClCompile>
    <ClCompile Include="..\srcscintilla\lexers\LexErrorList.cxx">
      <Filter>Scintilla\Lexers</Filter>
    </ClCompile>
    <ClCompile Include="..\srcscintilla\lexers\LexMake.cxx">
      <Filter>Scintilla\Lexers</Filter>
    </ClCompile>
    <ClCompile Include="..\srcscintilla\lexers\LexNull.cxx">
      <Filter>Scintilla\Lexers</Filter>
    </ClCompile>
    <ClCompile Include="..\srcscintilla\lexlib\Accessor.cxx">
      <Filter>Scintilla\lexlib</Filter>
    </ClCompile>
    <ClCompile Include="..\srcscintilla\lexlib\CharacterCategory.cxx">
      <Filter>Scintilla\lexlib</Filter>
    </ClCompile>
    <ClCompile Include="..\srcscintilla\lexlib\CharacterSet.cxx">
      <Filter>Scintilla\lexlib</Filter>
    </ClCompile>
    <ClCompile Include="..\srcscintilla\lexlib\WordList.cxx">
      <Filter>Scintilla\lexlib</Filter>
    </ClCompile>
    <ClCompile Include="..\srcscintilla\lexlib\StyleContext.cxx">
      <Filter>Scintilla\lexlib</Filter>
    </ClCompile>
    <ClCompile Include="..\srcscintilla\lexlib\LexerBase.cxx">
      <Filter>Scintilla\lexlib</Filter>
    </ClCompile>
    <ClCompile Include="..\srcscintilla\lexlib\LexerModule.cxx">
      <Filter>Scintilla\lexlib</Filter>
    </ClCompile>
    <ClCompile Include="..\srcscintilla\lexlib\LexerNoExceptions.cxx">
      <Filter>Scintilla\lexlib</Filter>
    </ClCompile>
    <ClCompile Include="..\srcscintilla\lexlib\LexerSimple.cxx">
      <Filter>Scintilla\lexlib</Filter>
    </ClCompile>
    <ClCompile Include="..\srcscintilla\lexlib\PropSetSimple.cxx">
      <Filter>Scintilla\lexlib</Filter>
    </ClCompile>
    <ClCompile Include="..\srcscintilla\lexers\LexErlang.cxx">
      <Filter>Scintilla\Lexers</Filter>
    </ClCompile>
    <ClCompile Include="..\srcscintilla\lexers\LexJSON.cxx">
      <Filter>Scintilla\Lexers</Filter>
    </ClCompile>
  </ItemGroup>
  <ItemGroup>
    <ClInclude Include="..\srcscintilla\src\Indicator.h">
      <Filter>Scintilla</Filter>
    </ClInclude>
    <ClInclude Include="..\srcscintilla\src\AutoComplete.h">
      <Filter>Scintilla</Filter>
    </ClInclude>
    <ClInclude Include="..\srcscintilla\src\CallTip.h">
      <Filter>Scintilla</Filter>
    </ClInclude>
    <ClInclude Include="..\srcscintilla\src\Catalogue.h">
      <Filter>Scintilla</Filter>
    </ClInclude>
    <ClInclude Include="..\srcscintilla\src\CellBuffer.h">
      <Filter>Scintilla</Filter>
    </ClInclude>
    <ClInclude Include="..\srcscintilla\src\CharClassify.h">
      <Filter>Scintilla</Filter>
    </ClInclude>
    <ClInclude Include="..\srcscintilla\src\ContractionState.h">
      <Filter>Scintilla</Filter>
    </ClInclude>
    <ClInclude Include="..\srcscintilla\src\Decoration.h">
      <Filter>Scintilla</Filter>
    </ClInclude>
    <ClInclude Include="..\srcscintilla\src\Document.h">
      <Filter>Scintilla</Filter>
    </ClInclude>
    <ClInclude Include="..\srcscintilla\src\Editor.h">
      <Filter>Scintilla</Filter>
    </ClInclude>
    <ClInclude Include="..\srcscintilla\src\ExternalLexer.h">
      <Filter>Scintilla</Filter>
    </ClInclude>
    <ClInclude Include="..\srcscintilla\src\FontQuality.h">
      <Filter>Scintilla</Filter>
    </ClInclude>
    <ClInclude Include="..\srcscintilla\src\XPM.h">
      <Filter>Scintilla</Filter>
    </ClInclude>
    <ClInclude Include="..\srcscintilla\src\KeyMap.h">
      <Filter>Scintilla</Filter>
    </ClInclude>
    <ClInclude Include="..\srcscintilla\src\LineMarker.h">
      <Filter>Scintilla</Filter>
    </ClInclude>
    <ClInclude Include="..\srcscintilla\src\Partitioning.h">
      <Filter>Scintilla</Filter>
    </ClInclude>
    <ClInclude Include="..\srcscintilla\src\PerLine.h">
      <Filter>Scintilla</Filter>
    </ClInclude>
    <ClInclude Include="..\srcscintilla\src\PositionCache.h">
      <Filter>Scintilla</Filter>
    </ClInclude>
    <ClInclude Include="..\srcscintilla\src\RESearch.h">
      <Filter>Scintilla</Filter>
    </ClInclude>
    <ClInclude Include="..\srcscintilla\src\RunStyles.h">
      <Filter>Scintilla</Filter>
    </ClInclude>
    <ClInclude Include="..\srcscintilla\src\ScintillaBase.h">
      <Filter>Scintilla</Filter>
    </ClInclude>
    <ClInclude Include="..\srcscintilla\src\Selection.h">
      <Filter>Scintilla</Filter>
    </ClInclude>
    <ClInclude Include="..\srcscintilla\src\SplitVector.h">
      <Filter>Scintilla</Filter>
    </ClInclude>
    <ClInclude Include="..\srcscintilla\src\Style.h">
      <Filter>Scintilla</Filter>
    </ClInclude>
    <ClInclude Include="..\srcscintilla\src\SVector.h">
      <Filter>Scintilla</Filter>
    </ClInclude>
    <ClInclude Include="..\srcscintilla\src\UniConversion.h">
      <Filter>Scintilla</Filter>
    </ClInclude>
    <ClInclude Include="..\srcscintilla\src\ViewStyle.h">
      <Filter>Scintilla</Filter>
    </ClInclude>
    <ClInclude Include="..\srcscintilla\iupsci.h">
      <Filter>inc</Filter>
    </ClInclude>
    <ClInclude Include="..\include\iup_scintilla.h">
      <Filter>include</Filter>
    </ClInclude>
    <ClInclude Include="..\srcscintilla\src\UnicodeFromUTF8.h">
      <Filter>Scintilla</Filter>
    </ClInclude>
    <ClInclude Include="..\srcscintilla\src\CaseConvert.h">
      <Filter>Scintilla</Filter>
    </ClInclude>
    <ClInclude Include="..\srcscintilla\src\CaseFolder.h">
      <Filter>Scintilla</Filter>
    </ClInclude>
    <ClInclude Include="..\srcscintilla\src\EditModel.h">
      <Filter>Scintilla</Filter>
    </ClInclude>
    <ClInclude Include="..\srcscintilla\src\EditView.h">
      <Filter>Scintilla</Filter>
    </ClInclude>
    <ClInclude Include="..\srcscintilla\src\MarginView.h">
      <Filter>Scintilla</Filter>
    </ClInclude>
    <ClInclude Include="..\srcscintilla\include\Scintilla.h">
      <Filter>Scintilla\include</Filter>
    </ClInclude>
    <ClInclude Include="..\srcscintilla\include\ScintillaWidget.h">
      <Filter>Scintilla\include</Filter>
    </ClInclude>
    <ClInclude Include="..\srcscintilla\include\ILexer.h">
      <Filter>Scintilla\include</Filter>
    </ClInclude>
    <ClInclude Include="..\srcscintilla\include\Platform.h">
      <Filter>Scintilla\include</Filter>
    </ClInclude>
    <ClInclude Include="..\srcscintilla\include\Sci_Position.h">
      <Filter>Scintilla\include</Filter>
    </ClInclude>
    <ClInclude Include="..\srcscintilla\include\SciLexer.h">
      <Filter>Scintilla\include</Filter>
    </ClInclude>
    <ClInclude Include="..\srcscintilla\lexlib\Accessor.h">
      <Filter>Scintilla\lexlib</Filter>
    </ClInclude>
    <ClInclude Include="..\srcscintilla\lexlib\CharacterCategory.h">
      <Filter>Scintilla\lexlib</Filter>
    </ClInclude>
    <ClInclude Include="..\srcscintilla\lexlib\CharacterSet.h">
      <Filter>Scintilla\lexlib</Filter>
    </ClInclude>
    <ClInclude Include="..\srcscintilla\lexlib\WordList.h">
      <Filter>Scintilla\lexlib</Filter>
    </ClInclude>
    <ClInclude Include="..\srcscintilla\lexlib\SubStyles.h">
      <Filter>Scintilla\lexlib</Filter>
    </ClInclude>
    <ClInclude Include="..\srcscintilla\lexlib\StyleContext.h">
      <Filter>Scintilla\lexlib</Filter>
    </ClInclude>
    <ClInclude Include="..\srcscintilla\lexlib\LexAccessor.h">
      <Filter>Scintilla\lexlib</Filter>
    </ClInclude>
    <ClInclude Include="..\srcscintilla\lexlib\LexerBase.h">
      <Filter>Scintilla\lexlib</Filter>
    </ClInclude>
    <ClInclude Include="..\srcscintilla\lexlib\LexerModule.h">
      <Filter>Scintilla\lexlib</Filter>
    </ClInclude>
    <ClInclude Include="..\srcscintilla\lexlib\LexerNoExceptions.h">
      <Filter>Scintilla\lexlib</Filter>
    </ClInclude>
    <ClInclude Include="..\srcscintilla\lexlib\LexerSimple.h">
      <Filter>Scintilla\lexlib</Filter>
    </ClInclude>
    <ClInclude Include="..\srcscintilla\lexlib\OptionSet.h">
      <Filter>Scintilla\lexlib</Filter>
    </ClInclude>
    <ClInclude Include="..\srcscintilla\lexlib\PropSetSimple.h">
      <Filter>Scintilla\lexlib</Filter>
    </ClInclude>
    <ClInclude Include="..\srcscintilla\lexlib\SparseState.h">
      <Filter>Scintilla\lexlib</Filter>
    </ClInclude>
    <ClInclude Include="..\srcscintilla\lexlib\StringCopy.h">
      <Filter>Scintilla\lexlib</Filter>
    </ClInclude>
    <ClInclude Include="..\srcscintilla\src\Position.h">
      <Filter>Scintilla</Filter>
    </ClInclude>
  </ItemGroup>
  <ItemGroup>
    <Filter Include="Scintilla">
      <UniqueIdentifier>{4f24f61e-aa1e-431a-9d7f-cf4f0ad99692}</UniqueIdentifier>
    </Filter>
    <Filter Include="inc">
      <UniqueIdentifier>{aafb6ed5-ecef-4c12-8db0-f50a2f003205}</UniqueIdentifier>
    </Filter>
    <Filter Include="include">
      <UniqueIdentifier>{6796d026-1b41-44db-ad80-0509fbd9a22c}</UniqueIdentifier>
    </Filter>
    <Filter Include="Scintilla\Lexers">
      <UniqueIdentifier>{22b4f584-d6b0-48a7-82c2-f6791d592716}</UniqueIdentifier>
    </Filter>
    <Filter Include="Scintilla\include">
      <UniqueIdentifier>{624fb162-d878-4d1f-8bf8-2b8003b4b145}</UniqueIdentifier>
    </Filter>
    <Filter Include="Scintilla\lexlib">
      <UniqueIdentifier>{64cf7d88-65f7-4c3e-8312-b75a2ecdc40c}</UniqueIdentifier>
    </Filter>
  </ItemGroup>
</Project>