<?xml version="1.0" encoding="utf-8"?>
<Project ToolsVersion="4.0" xmlns="http://schemas.microsoft.com/developer/msbuild/2003">
  <ItemGroup>
    <Filter Include="include">
      <UniqueIdentifier>{3bd5929b-cc3d-4a06-b391-80983f24f524}</UniqueIdentifier>
    </Filter>
    <Filter Include="inc">
      <UniqueIdentifier>{bb5bc435-15dc-4e95-bee6-b954ea45919a}</UniqueIdentifier>
    </Filter>
    <Filter Include="colorbrowser">
      <UniqueIdentifier>{6cb35ec6-aa99-40e2-b8d4-a2462ef054d6}</UniqueIdentifier>
    </Filter>
    <Filter Include="matrix">
      <UniqueIdentifier>{386d9a36-2756-40c8-bc10-683e353f0270}</UniqueIdentifier>
    </Filter>
    <Filter Include="matrix\inc">
      <UniqueIdentifier>{b0b0cf9e-6c1e-4bf8-8729-8bba489cf041}</UniqueIdentifier>
    </Filter>
  </ItemGroup>
  <ItemGroup>
    <ClInclude Include="..\include\iupcontrols.h">
      <Filter>include</Filter>
    </ClInclude>
    <ClInclude Include="..\srccontrols\iup_controls.h">
      <Filter>inc</Filter>
    </ClInclude>
    <ClInclude Include="..\srccontrols\color\iup_colorhsi.h">
      <Filter>colorbrowser</Filter>
    </ClInclude>
    <ClInclude Include="..\srccontrols\matrix\iupmat_aux.h">
      <Filter>matrix\inc</Filter>
    </ClInclude>
    <ClInclude Include="..\srccontrols\matrix\iupmat_cd.h">
      <Filter>matrix\inc</Filter>
    </ClInclude>
    <ClInclude Include="..\srccontrols\matrix\iupmat_colres.h">
      <Filter>matrix\inc</Filter>
    </ClInclude>
    <ClInclude Include="..\srccontrols\matrix\iupmat_def.h">
      <Filter>matrix\inc</Filter>
    </ClInclude>
    <ClInclude Include="..\srccontrols\matrix\iupmat_draw.h">
      <Filter>matrix\inc</Filter>
    </ClInclude>
    <ClInclude Include="..\srccontrols\matrix\iupmat_edit.h">
      <Filter>matrix\inc</Filter>
    </ClInclude>
    <ClInclude Include="..\srccontrols\matrix\iupmat_getset.h">
      <Filter>matrix\inc</Filter>
    </ClInclude>
    <ClInclude Include="..\srccontrols\matrix\iupmat_key.h">
      <Filter>matrix\inc</Filter>
    </ClInclude>
    <ClInclude Include="..\srccontrols\matrix\iupmat_mark.h">
      <Filter>matrix\inc</Filter>
    </ClInclude>
    <ClInclude Include="..\srccontrols\matrix\iupmat_mem.h">
      <Filter>matrix\inc</Filter>
    </ClInclude>
    <ClInclude Include="..\srccontrols\matrix\iupmat_mouse.h">
      <Filter>matrix\inc</Filter>
    </ClInclude>
    <ClInclude Include="..\srccontrols\matrix\iupmat_numlc.h">
      <Filter>matrix\inc</Filter>
    </ClInclude>
    <ClInclude Include="..\srccontrols\matrix\iupmat_scroll.h">
      <Filter>matrix\inc</Filter>
    </ClInclude>
  </ItemGroup>
  <ItemGroup>
    <ClCompile Include="..\srccontrols\color\iup_colorbrowser.c">
      <Filter>colorbrowser</Filter>
    </ClCompile>
    <ClCompile Include="..\srccontrols\color\iup_colorbrowserdlg.c">
      <Filter>colorbrowser</Filter>
    </ClCompile>
    <ClCompile Include="..\srccontrols\color\iup_colorhsi.c">
      <Filter>colorbrowser</Filter>
    </ClCompile>
    <ClCompile Include="..\srccontrols\matrix\iupmat_aux.c">
      <Filter>matrix</Filter>
    </ClCompile>
    <ClCompile Include="..\srccontrols\matrix\iupmat_colres.c">
      <Filter>matrix</Filter>
    </ClCompile>
    <ClCompile Include="..\srccontrols\matrix\iupmat_draw.c">
      <Filter>matrix</Filter>
    </ClCompile>
    <ClCompile Include="..\srccontrols\matrix\iupmat_edit.c">
      <Filter>matrix</Filter>
    </ClCompile>
    <ClCompile Include="..\srccontrols\matrix\iupmat_getset.c">
      <Filter>matrix</Filter>
    </ClCompile>
    <ClCompile Include="..\srccontrols\matrix\iupmat_key.c">
      <Filter>matrix</Filter>
    </ClCompile>
    <ClCompile Include="..\srccontrols\matrix\iupmat_mark.c">
      <Filter>matrix</Filter>
    </ClCompile>
    <ClCompile Include="..\srccontrols\matrix\iupmat_mem.c">
      <Filter>matrix</Filter>
    </ClCompile>
    <ClCompile Include="..\srccontrols\matrix\iupmat_mouse.c">
      <Filter>matrix</Filter>
    </ClCompile>
    <ClCompile Include="..\srccontrols\matrix\iupmat_numlc.c">
      <Filter>matrix</Filter>
    </ClCompile>
    <ClCompile Include="..\srccontrols\matrix\iupmat_scroll.c">
      <Filter>matrix</Filter>
    </ClCompile>
    <ClCompile Include="..\srccontrols\matrix\iupmatrix.c">
      <Filter>matrix</Filter>
    </ClCompile>
    <ClCompile Include="..\srccontrols\iup_cells.c" />
    <ClCompile Include="..\srccontrols\iup_colorbar.c" />
    <ClCompile Include="..\srccontrols\iup_controls.c" />
    <ClCompile Include="..\srccontrols\iup_dial.c" />
    <ClCompile Include="..\srccontrols\iup_gauge.c" />
    <ClCompile Include="..\srccontrols\matrix\iupmat_ex.c">
      <Filter>matrix</Filter>
    </ClCompile>
    <ClCompile Include="..\srccontrols\iup_matrixlist.c" />
  </ItemGroup>
  <ItemGroup>
    <CustomBuildStep Include="..\srccontrols\iupcontrols.def" />
  </ItemGroup>
</Project>