<?xml version="1.0" encoding="utf-8"?>
<Project ToolsVersion="4.0" xmlns="http://schemas.microsoft.com/developer/msbuild/2003">
  <ItemGroup>
    <Filter Include="src">
      <UniqueIdentifier>{deb474aa-b1f8-4bcb-800a-564f780a0e37}</UniqueIdentifier>
    </Filter>
    <Filter Include="inc">
      <UniqueIdentifier>{0b85178b-d3dc-45b2-8e5c-e416acc983e4}</UniqueIdentifier>
    </Filter>
    <Filter Include="include">
      <UniqueIdentifier>{4a379e75-d0cf-491d-a5b9-34897bf3bdd7}</UniqueIdentifier>
      <Extensions>h;hpp;hxx;hm;inl;inc</Extensions>
    </Filter>
    <Filter Include="windows">
      <UniqueIdentifier>{40ff407a-9df7-4b85-88f0-624c533013ea}</UniqueIdentifier>
    </Filter>
    <Filter Include="src_controls">
      <UniqueIdentifier>{77d3f893-b874-42de-b17d-ce651baa6ad5}</UniqueIdentifier>
    </Filter>
    <Filter Include="inc_controls">
      <UniqueIdentifier>{b051a66b-4d0c-4c0e-b18b-50aff340b977}</UniqueIdentifier>
    </Filter>
  </ItemGroup>
  <ItemGroup>
    <ClCompile Include="..\src\iup.c">
      <Filter>src</Filter>
    </ClCompile>
    <ClCompile Include="..\src\iup_array.c">
      <Filter>src</Filter>
    </ClCompile>
    <ClCompile Include="..\src\iup_assert.c">
      <Filter>src</Filter>
    </ClCompile>
    <ClCompile Include="..\src\iup_attrib.c">
      <Filter>src</Filter>
    </ClCompile>
    <ClCompile Include="..\src\iup_callback.c">
      <Filter>src</Filter>
    </ClCompile>
    <ClCompile Include="..\src\iup_childtree.c">
      <Filter>src</Filter>
    </ClCompile>
    <ClCompile Include="..\src\iup_class.c">
      <Filter>src</Filter>
    </ClCompile>
    <ClCompile Include="..\src\iup_classattrib.c">
      <Filter>src</Filter>
    </ClCompile>
    <ClCompile Include="..\src\iup_classbase.c">
      <Filter>src</Filter>
    </ClCompile>
    <ClCompile Include="..\src\iup_dlglist.c">
      <Filter>src</Filter>
    </ClCompile>
    <ClCompile Include="..\src\iup_focus.c">
      <Filter>src</Filter>
    </ClCompile>
    <ClCompile Include="..\src\iup_font.c">
      <Filter>src</Filter>
    </ClCompile>
    <ClCompile Include="..\src\iup_func.c">
      <Filter>src</Filter>
    </ClCompile>
    <ClCompile Include="..\src\iup_globalattrib.c">
      <Filter>src</Filter>
    </ClCompile>
    <ClCompile Include="..\src\iup_key.c">
      <Filter>src</Filter>
    </ClCompile>
    <ClCompile Include="..\src\iup_layout.c">
      <Filter>src</Filter>
    </ClCompile>
    <ClCompile Include="..\src\iup_ledlex.c">
      <Filter>src</Filter>
    </ClCompile>
    <ClCompile Include="..\src\iup_ledparse.c">
      <Filter>src</Filter>
    </ClCompile>
    <ClCompile Include="..\src\iup_mask.c">
      <Filter>src</Filter>
    </ClCompile>
    <ClCompile Include="..\src\iup_maskmatch.c">
      <Filter>src</Filter>
    </ClCompile>
    <ClCompile Include="..\src\iup_maskparse.c">
      <Filter>src</Filter>
    </ClCompile>
    <ClCompile Include="..\src\iup_names.c">
      <Filter>src</Filter>
    </ClCompile>
    <ClCompile Include="..\src\iup_object.c">
      <Filter>src</Filter>
    </ClCompile>
    <ClCompile Include="..\src\iup_open.c">
      <Filter>src</Filter>
    </ClCompile>
    <ClCompile Include="..\src\iup_recplay.c">
      <Filter>src</Filter>
    </ClCompile>
    <ClCompile Include="..\src\iup_register.c">
      <Filter>src</Filter>
    </ClCompile>
    <ClCompile Include="..\src\iup_show.c">
      <Filter>src</Filter>
    </ClCompile>
    <ClCompile Include="..\src\iup_str.c">
      <Filter>src</Filter>
    </ClCompile>
    <ClCompile Include="..\src\iup_strmessage.c">
      <Filter>src</Filter>
    </ClCompile>
    <ClCompile Include="..\src\iup_table.c">
      <Filter>src</Filter>
    </ClCompile>
    <ClCompile Include="..\src\win\iupwindows_info.c">
      <Filter>windows</Filter>
    </ClCompile>
    <ClCompile Include="..\src\win\iupwindows_main.c">
      <Filter>windows</Filter>
    </ClCompile>
    <ClCompile Include="..\src\iup_box.c">
      <Filter>src_controls</Filter>
    </ClCompile>
    <ClCompile Include="..\src\iup_button.c">
      <Filter>src_controls</Filter>
    </ClCompile>
    <ClCompile Include="..\src\iup_canvas.c">
      <Filter>src_controls</Filter>
    </ClCompile>
    <ClCompile Include="..\src\iup_cbox.c">
      <Filter>src_controls</Filter>
    </ClCompile>
    <ClCompile Include="..\src\iup_colordlg.c">
      <Filter>src_controls</Filter>
    </ClCompile>
    <ClCompile Include="..\src\iup_dialog.c">
      <Filter>src_controls</Filter>
    </ClCompile>
    <ClCompile Include="..\src\iup_filedlg.c">
      <Filter>src_controls</Filter>
    </ClCompile>
    <ClCompile Include="..\src\iup_fill.c">
      <Filter>src_controls</Filter>
    </ClCompile>
    <ClCompile Include="..\src\iup_fontdlg.c">
      <Filter>src_controls</Filter>
    </ClCompile>
    <ClCompile Include="..\src\iup_frame.c">
      <Filter>src_controls</Filter>
    </ClCompile>
    <ClCompile Include="..\src\iup_getparam.c">
      <Filter>src_controls</Filter>
    </ClCompile>
    <ClCompile Include="..\src\iup_hbox.c">
      <Filter>src_controls</Filter>
    </ClCompile>
    <ClCompile Include="..\src\iup_image.c">
      <Filter>src_controls</Filter>
    </ClCompile>
    <ClCompile Include="..\src\iup_label.c">
      <Filter>src_controls</Filter>
    </ClCompile>
    <ClCompile Include="..\src\iup_layoutdlg.c">
      <Filter>src_controls</Filter>
    </ClCompile>
    <ClCompile Include="..\src\iup_list.c">
      <Filter>src_controls</Filter>
    </ClCompile>
    <ClCompile Include="..\src\iup_menu.c">
      <Filter>src_controls</Filter>
    </ClCompile>
    <ClCompile Include="..\src\iup_messagedlg.c">
      <Filter>src_controls</Filter>
    </ClCompile>
    <ClCompile Include="..\src\iup_normalizer.c">
      <Filter>src_controls</Filter>
    </ClCompile>
    <ClCompile Include="..\src\iup_predialogs.c">
      <Filter>src_controls</Filter>
    </ClCompile>
    <ClCompile Include="..\src\iup_progressbar.c">
      <Filter>src_controls</Filter>
    </ClCompile>
    <ClCompile Include="..\src\iup_radio.c">
      <Filter>src_controls</Filter>
    </ClCompile>
    <ClCompile Include="..\src\iup_sbox.c">
      <Filter>src_controls</Filter>
    </ClCompile>
    <ClCompile Include="..\src\iup_scanf.c">
      <Filter>src_controls</Filter>
    </ClCompile>
    <ClCompile Include="..\src\iup_scrollbox.c">
      <Filter>src_controls</Filter>
    </ClCompile>
    <ClCompile Include="..\src\iup_spin.c">
      <Filter>src_controls</Filter>
    </ClCompile>
    <ClCompile Include="..\src\iup_split.c">
      <Filter>src_controls</Filter>
    </ClCompile>
    <ClCompile Include="..\src\iup_tabs.c">
      <Filter>src_controls</Filter>
    </ClCompile>
    <ClCompile Include="..\src\iup_text.c">
      <Filter>src_controls</Filter>
    </ClCompile>
    <ClCompile Include="..\src\iup_timer.c">
      <Filter>src_controls</Filter>
    </ClCompile>
    <ClCompile Include="..\src\iup_toggle.c">
      <Filter>src_controls</Filter>
    </ClCompile>
    <ClCompile Include="..\src\iup_tree.c">
      <Filter>src_controls</Filter>
    </ClCompile>
    <ClCompile Include="..\src\iup_user.c">
      <Filter>src_controls</Filter>
    </ClCompile>
    <ClCompile Include="..\src\iup_val.c">
      <Filter>src_controls</Filter>
    </ClCompile>
    <ClCompile Include="..\src\iup_vbox.c">
      <Filter>src_controls</Filter>
    </ClCompile>
    <ClCompile Include="..\src\iup_zbox.c">
      <Filter>src_controls</Filter>
    </ClCompile>
    <ClCompile Include="..\src\iup_link.c">
      <Filter>src_controls</Filter>
    </ClCompile>
    <ClCompile Include="..\src\iup_gridbox.c">
      <Filter>src_controls</Filter>
    </ClCompile>
    <ClCompile Include="..\src\iup_expander.c">
      <Filter>src_controls</Filter>
    </ClCompile>
    <ClCompile Include="..\src\iup_progressdlg.c">
      <Filter>src_controls</Filter>
    </ClCompile>
    <ClCompile Include="..\src\iup_detachbox.c">
      <Filter>src_controls</Filter>
    </ClCompile>
    <ClCompile Include="..\src\iup_backgroundbox.c">
      <Filter>src_controls</Filter>
    </ClCompile>
    <ClCompile Include="..\src\iup_linefile.c">
      <Filter>src</Filter>
    </ClCompile>
    <ClCompile Include="..\src\iup_config.c">
      <Filter>src</Filter>
    </ClCompile>
    <ClCompile Include="..\src\iup_flatbutton.c">
      <Filter>src_controls</Filter>
    </ClCompile>
    <ClCompile Include="..\src\iup_animatedlabel.c">
      <Filter>src_controls</Filter>
    </ClCompile>
    <ClCompile Include="..\src\iup_draw.c">
      <Filter>src</Filter>
    </ClCompile>
    <ClCompile Include="..\src\iup_flatframe.c">
      <Filter>src_controls</Filter>
    </ClCompile>
    <ClCompile Include="..\src\iup_flattabs.c">
      <Filter>src_controls</Filter>
    </ClCompile>
  </ItemGroup>
  <ItemGroup>
    <ClInclude Include="..\src\iup_array.h">
      <Filter>inc</Filter>
    </ClInclude>
    <ClInclude Include="..\src\iup_assert.h">
      <Filter>inc</Filter>
    </ClInclude>
    <ClInclude Include="..\src\iup_attrib.h">
      <Filter>inc</Filter>
    </ClInclude>
    <ClInclude Include="..\src\iup_childtree.h">
      <Filter>inc</Filter>
    </ClInclude>
    <ClInclude Include="..\src\iup_class.h">
      <Filter>inc</Filter>
    </ClInclude>
    <ClInclude Include="..\src\iup_classbase.h">
      <Filter>inc</Filter>
    </ClInclude>
    <ClInclude Include="..\src\iup_dlglist.h">
      <Filter>inc</Filter>
    </ClInclude>
    <ClInclude Include="..\src\iup_drv.h">
      <Filter>inc</Filter>
    </ClInclude>
    <ClInclude Include="..\src\iup_drvfont.h">
      <Filter>inc</Filter>
    </ClInclude>
    <ClInclude Include="..\src\iup_drvinfo.h">
      <Filter>inc</Filter>
    </ClInclude>
    <ClInclude Include="..\src\iup_focus.h">
      <Filter>inc</Filter>
    </ClInclude>
    <ClInclude Include="..\src\iup_func.h">
      <Filter>inc</Filter>
    </ClInclude>
    <ClInclude Include="..\src\iup_globalattrib.h">
      <Filter>inc</Filter>
    </ClInclude>
    <ClInclude Include="..\src\iup_key.h">
      <Filter>inc</Filter>
    </ClInclude>
    <ClInclude Include="..\src\iup_layout.h">
      <Filter>inc</Filter>
    </ClInclude>
    <ClInclude Include="..\src\iup_ledlex.h">
      <Filter>inc</Filter>
    </ClInclude>
    <ClInclude Include="..\src\iup_mask.h">
      <Filter>inc</Filter>
    </ClInclude>
    <ClInclude Include="..\src\iup_maskmatch.h">
      <Filter>inc</Filter>
    </ClInclude>
    <ClInclude Include="..\src\iup_maskparse.h">
      <Filter>inc</Filter>
    </ClInclude>
    <ClInclude Include="..\src\iup_names.h">
      <Filter>inc</Filter>
    </ClInclude>
    <ClInclude Include="..\src\iup_object.h">
      <Filter>inc</Filter>
    </ClInclude>
    <ClInclude Include="..\src\iup_predial.h">
      <Filter>inc</Filter>
    </ClInclude>
    <ClInclude Include="..\src\iup_register.h">
      <Filter>inc</Filter>
    </ClInclude>
    <ClInclude Include="..\src\iup_str.h">
      <Filter>inc</Filter>
    </ClInclude>
    <ClInclude Include="..\src\iup_strmessage.h">
      <Filter>inc</Filter>
    </ClInclude>
    <ClInclude Include="..\src\iup_table.h">
      <Filter>inc</Filter>
    </ClInclude>
    <ClInclude Include="..\include\iup.h">
      <Filter>include</Filter>
    </ClInclude>
    <ClInclude Include="..\include\iupcbs.h">
      <Filter>include</Filter>
    </ClInclude>
    <ClInclude Include="..\include\iupkey.h">
      <Filter>include</Filter>
    </ClInclude>
    <ClInclude Include="..\src\iup_box.h">
      <Filter>inc_controls</Filter>
    </ClInclude>
    <ClInclude Include="..\src\iup_button.h">
      <Filter>inc_controls</Filter>
    </ClInclude>
    <ClInclude Include="..\src\iup_canvas.h">
      <Filter>inc_controls</Filter>
    </ClInclude>
    <ClInclude Include="..\src\iup_dialog.h">
      <Filter>inc_controls</Filter>
    </ClInclude>
    <ClInclude Include="..\src\iup_frame.h">
      <Filter>inc_controls</Filter>
    </ClInclude>
    <ClInclude Include="..\src\iup_image.h">
      <Filter>inc_controls</Filter>
    </ClInclude>
    <ClInclude Include="..\src\iup_label.h">
      <Filter>inc_controls</Filter>
    </ClInclude>
    <ClInclude Include="..\src\iup_list.h">
      <Filter>inc_controls</Filter>
    </ClInclude>
    <ClInclude Include="..\src\iup_menu.h">
      <Filter>inc_controls</Filter>
    </ClInclude>
    <ClInclude Include="..\src\iup_predialogs.h">
      <Filter>inc_controls</Filter>
    </ClInclude>
    <ClInclude Include="..\src\iup_progressbar.h">
      <Filter>inc_controls</Filter>
    </ClInclude>
    <ClInclude Include="..\src\iup_stdcontrols.h">
      <Filter>inc_controls</Filter>
    </ClInclude>
    <ClInclude Include="..\src\iup_tabs.h">
      <Filter>inc_controls</Filter>
    </ClInclude>
    <ClInclude Include="..\src\iup_text.h">
      <Filter>inc_controls</Filter>
    </ClInclude>
    <ClInclude Include="..\src\iup_timer.h">
      <Filter>inc_controls</Filter>
    </ClInclude>
    <ClInclude Include="..\src\iup_toggle.h">
      <Filter>inc_controls</Filter>
    </ClInclude>
    <ClInclude Include="..\src\iup_tree.h">
      <Filter>inc_controls</Filter>
    </ClInclude>
    <ClInclude Include="..\src\iup_val.h">
      <Filter>inc_controls</Filter>
    </ClInclude>
    <ClInclude Include="..\src\iup_normalizer.h">
      <Filter>inc_controls</Filter>
    </ClInclude>
    <ClInclude Include="..\src\iup_linefile.h">
      <Filter>inc</Filter>
    </ClInclude>
    <ClInclude Include="..\include\iup_config.h">
      <Filter>include</Filter>
    </ClInclude>
    <ClInclude Include="..\include\iup_class_cbs.hpp">
      <Filter>include</Filter>
    </ClInclude>
    <ClInclude Include="..\include\iup_plus.h">
      <Filter>include</Filter>
    </ClInclude>
    <ClInclude Include="..\include\iupdraw.h">
      <Filter>include</Filter>
    </ClInclude>
    <ClInclude Include="..\src\iup_drvdraw.h">
      <Filter>inc</Filter>
    </ClInclude>
  </ItemGroup>
</Project>