<?xml version="1.0" encoding="utf-8"?>
<Project ToolsVersion="4.0" xmlns="http://schemas.microsoft.com/developer/msbuild/2003">
  <ItemGroup>
    <Filter Include="src">
      <UniqueIdentifier>{778a5023-9658-4700-a218-98a3b978f8a6}</UniqueIdentifier>
    </Filter>
    <Filter Include="inc">
      <UniqueIdentifier>{7d5858d3-a00e-4949-9f90-b18e89a50a1d}</UniqueIdentifier>
    </Filter>
    <Filter Include="src_controls">
      <UniqueIdentifier>{7549ed4b-475b-4fa5-9a74-0aa5391f0741}</UniqueIdentifier>
    </Filter>
    <Filter Include="mac">
      <UniqueIdentifier>{e200df8d-5de2-40e2-be3d-2511fe4afe0f}</UniqueIdentifier>
    </Filter>
    <Filter Include="unix">
      <UniqueIdentifier>{f091f1c7-e6f8-4466-a22a-e8b932cd4443}</UniqueIdentifier>
    </Filter>
  </ItemGroup>
  <ItemGroup>
    <ClCompile Include="..\src\gtk\iupgtk_common.c">
      <Filter>src</Filter>
    </ClCompile>
    <ClCompile Include="..\src\gtk\iupgtk_dragdrop.c">
      <Filter>src</Filter>
    </ClCompile>
    <ClCompile Include="..\src\gtk\iupgtk_draw.c">
      <Filter>src</Filter>
    </ClCompile>
    <ClCompile Include="..\src\gtk\iupgtk_focus.c">
      <Filter>src</Filter>
    </ClCompile>
    <ClCompile Include="..\src\gtk\iupgtk_font.c">
      <Filter>src</Filter>
    </ClCompile>
    <ClCompile Include="..\src\gtk\iupgtk_globalattrib.c">
      <Filter>src</Filter>
    </ClCompile>
    <ClCompile Include="..\src\gtk\iupgtk_key.c">
      <Filter>src</Filter>
    </ClCompile>
    <ClCompile Include="..\src\gtk\iupgtk_loop.c">
      <Filter>src</Filter>
    </ClCompile>
    <ClCompile Include="..\src\gtk\iupgtk_open.c">
      <Filter>src</Filter>
    </ClCompile>
    <ClCompile Include="..\src\gtk\iupgtk_tips.c">
      <Filter>src</Filter>
    </ClCompile>
    <ClCompile Include="..\src\gtk\iupgtk_button.c">
      <Filter>src_controls</Filter>
    </ClCompile>
    <ClCompile Include="..\src\gtk\iupgtk_canvas.c">
      <Filter>src_controls</Filter>
    </ClCompile>
    <ClCompile Include="..\src\gtk\iupgtk_clipboard.c">
      <Filter>src_controls</Filter>
    </ClCompile>
    <ClCompile Include="..\src\gtk\iupgtk_colordlg.c">
      <Filter>src_controls</Filter>
    </ClCompile>
    <ClCompile Include="..\src\gtk\iupgtk_dialog.c">
      <Filter>src_controls</Filter>
    </ClCompile>
    <ClCompile Include="..\src\gtk\iupgtk_filedlg.c">
      <Filter>src_controls</Filter>
    </ClCompile>
    <ClCompile Include="..\src\gtk\iupgtk_fontdlg.c">
      <Filter>src_controls</Filter>
    </ClCompile>
    <ClCompile Include="..\src\gtk\iupgtk_frame.c">
      <Filter>src_controls</Filter>
    </ClCompile>
    <ClCompile Include="..\src\gtk\iupgtk_image.c">
      <Filter>src_controls</Filter>
    </ClCompile>
    <ClCompile Include="..\src\gtk\iupgtk_label.c">
      <Filter>src_controls</Filter>
    </ClCompile>
    <ClCompile Include="..\src\gtk\iupgtk_list.c">
      <Filter>src_controls</Filter>
    </ClCompile>
    <ClCompile Include="..\src\gtk\iupgtk_menu.c">
      <Filter>src_controls</Filter>
    </ClCompile>
    <ClCompile Include="..\src\gtk\iupgtk_messagedlg.c">
      <Filter>src_controls</Filter>
    </ClCompile>
    <ClCompile Include="..\src\gtk\iupgtk_progressbar.c">
      <Filter>src_controls</Filter>
    </ClCompile>
    <ClCompile Include="..\src\gtk\iupgtk_tabs.c">
      <Filter>src_controls</Filter>
    </ClCompile>
    <ClCompile Include="..\src\gtk\iupgtk_text.c">
      <Filter>src_controls</Filter>
    </ClCompile>
    <ClCompile Include="..\src\gtk\iupgtk_timer.c">
      <Filter>src_controls</Filter>
    </ClCompile>
    <ClCompile Include="..\src\gtk\iupgtk_toggle.c">
      <Filter>src_controls</Filter>
    </ClCompile>
    <ClCompile Include="..\src\gtk\iupgtk_tree.c">
      <Filter>src_controls</Filter>
    </ClCompile>
    <ClCompile Include="..\src\gtk\iupgtk_val.c">
      <Filter>src_controls</Filter>
    </ClCompile>
    <ClCompile Include="..\src\gtk\iupgtk_str.c">
      <Filter>src</Filter>
    </ClCompile>
    <ClCompile Include="..\src\gtk\iupgtk_draw_cairo.c">
      <Filter>src</Filter>
    </ClCompile>
    <ClCompile Include="..\src\gtk\iupmac_help.c">
      <Filter>mac</Filter>
    </ClCompile>
    <ClCompile Include="..\src\gtk\iupmac_info.c">
      <Filter>mac</Filter>
    </ClCompile>
    <ClCompile Include="..\src\mot\iupunix_info.c">
      <Filter>unix</Filter>
    </ClCompile>
    <ClCompile Include="..\src\gtk\iupgtk_help.c">
      <Filter>unix</Filter>
    </ClCompile>
    <ClCompile Include="..\src\gtk\iupgtk_calendar.c">
      <Filter>src_controls</Filter>
    </ClCompile>
    <ClCompile Include="..\src\iup_datepick.c">
      <Filter>src_controls</Filter>
    </ClCompile>
  </ItemGroup>
  <ItemGroup>
    <ClInclude Include="..\src\gtk\iupgtk_drv.h">
      <Filter>inc</Filter>
    </ClInclude>
  </ItemGroup>
  <ItemGroup>
    <None Include="..\src\iupgtk.def" />
  </ItemGroup>
</Project>