<?xml version="1.0" encoding="utf-8"?>
<Project ToolsVersion="4.0" xmlns="http://schemas.microsoft.com/developer/msbuild/2003">
  <ItemGroup>
    <Filter Include="inc">
      <UniqueIdentifier>{0ed6e286-e88f-4504-9895-ed42b9c0411b}</UniqueIdentifier>
    </Filter>
    <Filter Include="src">
      <UniqueIdentifier>{60a1aeb3-2ab7-4d2b-ae45-bcc3e7c4d1c0}</UniqueIdentifier>
    </Filter>
    <Filter Include="src2">
      <UniqueIdentifier>{0b81e1ae-4721-4cd3-8c2e-879a080624fd}</UniqueIdentifier>
    </Filter>
    <Filter Include="inc2">
      <UniqueIdentifier>{f675c847-5439-4a52-ab7e-9b3d534737a6}</UniqueIdentifier>
    </Filter>
  </ItemGroup>
  <ItemGroup>
    <ClInclude Include="..\srcimglib\iup_imglib.h" />
    <ClInclude Include="..\srcimglib\iup_imglib_logos32x32.h">
      <Filter>inc</Filter>
    </ClInclude>
    <ClInclude Include="..\srcimglib\iup_imglib_logos48x48.h">
      <Filter>inc</Filter>
    </ClInclude>
    <ClInclude Include="..\srcimglib\iup_imglib_basewin16x16.h">
      <Filter>inc</Filter>
    </ClInclude>
    <ClInclude Include="..\srcimglib\iup_imglib_iconswin48x48.h">
      <Filter>inc</Filter>
    </ClInclude>
    <ClInclude Include="..\srcimglib\iup_imglib_logos48x48_8bpp.h">
      <Filter>inc2</Filter>
    </ClInclude>
    <ClInclude Include="..\srcimglib\iup_imglib_logos32x32_8bpp.h">
      <Filter>inc2</Filter>
    </ClInclude>
    <ClInclude Include="..\srcimglib\iup_imglib_basemot16x16_8bpp.h">
      <Filter>inc2</Filter>
    </ClInclude>
    <ClInclude Include="..\srcimglib\iup_imglib_basewin32x32.h">
      <Filter>inc</Filter>
    </ClInclude>
    <ClInclude Include="..\srcimglib\iup_imglib_basegtk16x16.h">
      <Filter>inc2</Filter>
    </ClInclude>
  </ItemGroup>
  <ItemGroup>
    <ClCompile Include="..\srcimglib\iup_image_library.c" />
    <ClCompile Include="..\srcimglib\iup_imglib_iconswin48x48.c">
      <Filter>src</Filter>
    </ClCompile>
    <ClCompile Include="..\srcimglib\iup_imglib_logos32x32.c">
      <Filter>src</Filter>
    </ClCompile>
    <ClCompile Include="..\srcimglib\iup_imglib_logos48x48.c">
      <Filter>src</Filter>
    </ClCompile>
    <ClCompile Include="..\srcimglib\iup_imglib_basemot16x16_8bpp.c">
      <Filter>src2</Filter>
    </ClCompile>
    <ClCompile Include="..\srcimglib\iup_imglib_logos32x32_8bpp.c">
      <Filter>src2</Filter>
    </ClCompile>
    <ClCompile Include="..\srcimglib\iup_imglib_logos48x48_8bpp.c">
      <Filter>src2</Filter>
    </ClCompile>
    <ClCompile Include="..\srcimglib\iup_imglib_basewin32x32.c">
      <Filter>src</Filter>
    </ClCompile>
    <ClCompile Include="..\srcimglib\iup_imglib_basegtk16x16.c">
      <Filter>src2</Filter>
    </ClCompile>
    <ClCompile Include="..\srcimglib\iup_imglib_basewin16x16.c">
      <Filter>src2</Filter>
    </ClCompile>
    <ClCompile Include="..\srcimglib\iup_imglib_iconsgtk48x48.c">
      <Filter>src2</Filter>
    </ClCompile>
    <ClCompile Include="..\srcimglib\iup_imglib_circleprogress.c">
      <Filter>src</Filter>
    </ClCompile>
  </ItemGroup>
  <ItemGroup>
    <CustomBuildStep Include="..\srcimglib\iupimglib.def" />
  </ItemGroup>
</Project>