<?xml version="1.0" encoding="utf-8"?>
<Project ToolsVersion="4.0" xmlns="http://schemas.microsoft.com/developer/msbuild/2003">
  <ItemGroup>
    <Filter Include="Source Files">
      <UniqueIdentifier>{5092f90c-e70f-4eba-94c4-7f53cd1de65d}</UniqueIdentifier>
      <Extensions>cpp;c;cxx;rc;def;r;odl;hpj;bat;for;f90</Extensions>
    </Filter>
    <Filter Include="Lua">
      <UniqueIdentifier>{577cec4d-7adb-43ad-8052-c9163fc56050}</UniqueIdentifier>
    </Filter>
  </ItemGroup>
  <ItemGroup>
    <ClCompile Include="..\srclua5\ctrl\il_glcanvas.c">
      <Filter>Source Files</Filter>
    </ClCompile>
    <ClCompile Include="..\srclua5\ctrl\iuplua_glcanvas.c">
      <Filter>Source Files</Filter>
    </ClCompile>
  </ItemGroup>
  <ItemGroup>
    <None Include="..\srclua5\ctrl\iupluagl.def">
      <Filter>Source Files</Filter>
    </None>
    <None Include="..\srclua5\ctrl\glcanvas.lua">
      <Filter>Lua</Filter>
    </None>
  </ItemGroup>
  <ItemGroup>
    <ClInclude Include="..\include\iupluagl.h">
      <Filter>Source Files</Filter>
    </ClInclude>
  </ItemGroup>
</Project>