<?xml version="1.0" encoding="utf-8"?>
<Project ToolsVersion="4.0" xmlns="http://schemas.microsoft.com/developer/msbuild/2003">
  <ItemGroup>
    <Filter Include="Source Files">
      <UniqueIdentifier>{bc668f18-c988-4e54-841d-6267c95ab081}</UniqueIdentifier>
      <Extensions>cpp;c;cxx;rc;def;r;odl;hpj;bat;for;f90</Extensions>
    </Filter>
    <Filter Include="Lua">
      <UniqueIdentifier>{0a390002-7602-4757-b36d-1ffea40ca563}</UniqueIdentifier>
    </Filter>
    <Filter Include="Includes">
      <UniqueIdentifier>{65377be9-88b7-4153-9240-41f9c229714c}</UniqueIdentifier>
    </Filter>
  </ItemGroup>
  <ItemGroup>
    <ClCompile Include="..\srclua5\ctrl\il_pplot.c">
      <Filter>Source Files</Filter>
    </ClCompile>
    <ClCompile Include="..\srclua5\ctrl\iuplua_pplot.c">
      <Filter>Source Files</Filter>
    </ClCompile>
  </ItemGroup>
  <ItemGroup>
    <None Include="..\srclua5\ctrl\iuplua_pplot.def">
      <Filter>Source Files</Filter>
    </None>
    <None Include="..\srclua5\ctrl\pplot.lua">
      <Filter>Lua</Filter>
    </None>
  </ItemGroup>
  <ItemGroup>
    <ClInclude Include="..\include\iuplua_pplot.h">
      <Filter>Includes</Filter>
    </ClInclude>
  </ItemGroup>
</Project>