<?xml version="1.0" encoding="utf-8"?>
<Project ToolsVersion="4.0" xmlns="http://schemas.microsoft.com/developer/msbuild/2003">
  <ItemGroup>
    <Filter Include="C">
      <UniqueIdentifier>{815475f8-be84-4e84-9d2e-a85ef052629b}</UniqueIdentifier>
    </Filter>
    <Filter Include="Lua">
      <UniqueIdentifier>{1bb5609f-28b9-40a4-9aa0-a694e150cb27}</UniqueIdentifier>
    </Filter>
    <Filter Include="LED">
      <UniqueIdentifier>{a0195dd3-b42b-40cf-b7c7-e8016b2fa266}</UniqueIdentifier>
    </Filter>
    <Filter Include="LED\src">
      <UniqueIdentifier>{7060e4a2-2a79-400f-9be0-ac812b981b3b}</UniqueIdentifier>
    </Filter>
    <Filter Include="Tutorial">
      <UniqueIdentifier>{74eb8fe2-adf3-4e2d-801e-0a023425674e}</UniqueIdentifier>
    </Filter>
    <Filter Include="Tutorial\C">
      <UniqueIdentifier>{cce422e6-aed4-4f2b-8f24-a514bf5e56bf}</UniqueIdentifier>
    </Filter>
    <Filter Include="Tutorial\Lua">
      <UniqueIdentifier>{aba2ca37-d61c-44f2-b8ed-04e32cc77853}</UniqueIdentifier>
    </Filter>
    <Filter Include="Tutorial\CPP1">
      <UniqueIdentifier>{c1f94234-878f-408a-ae05-c3bbaf8eb98a}</UniqueIdentifier>
    </Filter>
    <Filter Include="CPP">
      <UniqueIdentifier>{78b2e9e2-f43b-441f-b287-57053de8a2e4}</UniqueIdentifier>
    </Filter>
  </ItemGroup>
  <ItemGroup>
    <ClCompile Include="..\html\examples\C\alarm.c">
      <Filter>C</Filter>
    </ClCompile>
    <ClCompile Include="..\html\examples\C\button.c">
      <Filter>C</Filter>
    </ClCompile>
    <ClCompile Include="..\html\examples\C\canvas1.c">
      <Filter>C</Filter>
    </ClCompile>
    <ClCompile Include="..\html\examples\C\canvas2.c">
      <Filter>C</Filter>
    </ClCompile>
    <ClCompile Include="..\html\examples\C\canvas3.c">
      <Filter>C</Filter>
    </ClCompile>
    <ClCompile Include="..\html\examples\C\cbox.c">
      <Filter>C</Filter>
    </ClCompile>
    <ClCompile Include="..\html\examples\C\cells_checkboard.c">
      <Filter>C</Filter>
    </ClCompile>
    <ClCompile Include="..\html\examples\C\cells_degrade.c">
      <Filter>C</Filter>
    </ClCompile>
    <ClCompile Include="..\html\examples\C\cells_numbering.c">
      <Filter>C</Filter>
    </ClCompile>
    <ClCompile Include="..\html\examples\C\colorbar.c">
      <Filter>C</Filter>
    </ClCompile>
    <ClCompile Include="..\html\examples\C\colorbrowser.c">
      <Filter>C</Filter>
    </ClCompile>
    <ClCompile Include="..\html\examples\C\dialog1.c">
      <Filter>C</Filter>
    </ClCompile>
    <ClCompile Include="..\html\examples\C\dialog2.c">
      <Filter>C</Filter>
    </ClCompile>
    <ClCompile Include="..\html\examples\C\filedlg.c">
      <Filter>C</Filter>
    </ClCompile>
    <ClCompile Include="..\html\examples\C\fill.c">
      <Filter>C</Filter>
    </ClCompile>
    <ClCompile Include="..\html\examples\C\frame.c">
      <Filter>C</Filter>
    </ClCompile>
    <ClCompile Include="..\html\examples\C\gauge.c">
      <Filter>C</Filter>
    </ClCompile>
    <ClCompile Include="..\html\examples\C\getattribute.c">
      <Filter>C</Filter>
    </ClCompile>
    <ClCompile Include="..\html\examples\C\getcolor.c">
      <Filter>C</Filter>
    </ClCompile>
    <ClCompile Include="..\html\examples\C\getfile.c">
      <Filter>C</Filter>
    </ClCompile>
    <ClCompile Include="..\html\examples\C\getparam.c">
      <Filter>C</Filter>
    </ClCompile>
    <ClCompile Include="..\html\examples\C\glcanvas.c">
      <Filter>C</Filter>
    </ClCompile>
    <ClCompile Include="..\html\examples\C\hbox.c">
      <Filter>C</Filter>
    </ClCompile>
    <ClCompile Include="..\html\examples\C\idle.c">
      <Filter>C</Filter>
    </ClCompile>
    <ClCompile Include="..\html\examples\C\image.c">
      <Filter>C</Filter>
    </ClCompile>
    <ClCompile Include="..\html\examples\C\item.c">
      <Filter>C</Filter>
    </ClCompile>
    <ClCompile Include="..\html\examples\C\label.c">
      <Filter>C</Filter>
    </ClCompile>
    <ClCompile Include="..\html\examples\C\list1.c">
      <Filter>C</Filter>
    </ClCompile>
    <ClCompile Include="..\html\examples\C\list2.c">
      <Filter>C</Filter>
    </ClCompile>
    <ClCompile Include="..\html\examples\C\listdialog.c">
      <Filter>C</Filter>
    </ClCompile>
    <ClCompile Include="..\html\examples\C\lua_init.c">
      <Filter>C</Filter>
    </ClCompile>
    <ClCompile Include="..\html\examples\C\mask.c">
      <Filter>C</Filter>
    </ClCompile>
    <ClCompile Include="..\html\examples\C\mathglsamples.c">
      <Filter>C</Filter>
    </ClCompile>
    <ClCompile Include="..\html\examples\C\matrix.c">
      <Filter>C</Filter>
    </ClCompile>
    <ClCompile Include="..\html\examples\C\mdi.c">
      <Filter>C</Filter>
    </ClCompile>
    <ClCompile Include="..\html\examples\C\menu.c">
      <Filter>C</Filter>
    </ClCompile>
    <ClCompile Include="..\html\examples\C\message.c">
      <Filter>C</Filter>
    </ClCompile>
    <ClCompile Include="..\html\examples\C\multiline1.c">
      <Filter>C</Filter>
    </ClCompile>
    <ClCompile Include="..\html\examples\C\multiline2.c">
      <Filter>C</Filter>
    </ClCompile>
    <ClCompile Include="..\html\examples\C\ole_browser.cpp">
      <Filter>C</Filter>
    </ClCompile>
    <ClCompile Include="..\html\examples\C\progressbar.c">
      <Filter>C</Filter>
    </ClCompile>
    <ClCompile Include="..\html\examples\C\radio.c">
      <Filter>C</Filter>
    </ClCompile>
    <ClCompile Include="..\html\examples\C\sample.c">
      <Filter>C</Filter>
    </ClCompile>
    <ClCompile Include="..\html\examples\C\sbox1.c">
      <Filter>C</Filter>
    </ClCompile>
    <ClCompile Include="..\html\examples\C\sbox2.c">
      <Filter>C</Filter>
    </ClCompile>
    <ClCompile Include="..\html\examples\C\scanf.c">
      <Filter>C</Filter>
    </ClCompile>
    <ClCompile Include="..\html\examples\C\scrollbar.c">
      <Filter>C</Filter>
    </ClCompile>
    <ClCompile Include="..\html\examples\C\separator.c">
      <Filter>C</Filter>
    </ClCompile>
    <ClCompile Include="..\html\examples\C\submenu.c">
      <Filter>C</Filter>
    </ClCompile>
    <ClCompile Include="..\html\examples\C\tabs.c">
      <Filter>C</Filter>
    </ClCompile>
    <ClCompile Include="..\html\examples\C\text.c">
      <Filter>C</Filter>
    </ClCompile>
    <ClCompile Include="..\html\examples\C\timer.c">
      <Filter>C</Filter>
    </ClCompile>
    <ClCompile Include="..\html\examples\C\toggle.c">
      <Filter>C</Filter>
    </ClCompile>
    <ClCompile Include="..\html\examples\C\tree.c">
      <Filter>C</Filter>
    </ClCompile>
    <ClCompile Include="..\html\examples\C\val.c">
      <Filter>C</Filter>
    </ClCompile>
    <ClCompile Include="..\html\examples\C\vbox.c">
      <Filter>C</Filter>
    </ClCompile>
    <ClCompile Include="..\html\examples\C\webbrowser.c">
      <Filter>C</Filter>
    </ClCompile>
    <ClCompile Include="..\html\examples\C\zbox.c">
      <Filter>C</Filter>
    </ClCompile>
    <ClCompile Include="..\html\examples\LED\dial.c">
      <Filter>LED\src</Filter>
    </ClCompile>
    <ClCompile Include="..\html\examples\LED\filedlg.c">
      <Filter>LED\src</Filter>
    </ClCompile>
    <ClCompile Include="..\html\examples\LED\gauge.c">
      <Filter>LED\src</Filter>
    </ClCompile>
    <ClCompile Include="..\html\examples\LED\tabs.c">
      <Filter>LED\src</Filter>
    </ClCompile>
    <ClCompile Include="..\html\examples\LED\toggle.c">
      <Filter>LED\src</Filter>
    </ClCompile>
    <ClCompile Include="..\html\examples\C\scintilla.c">
      <Filter>C</Filter>
    </ClCompile>
    <ClCompile Include="..\html\examples\C\matrixlist.c">
      <Filter>C</Filter>
    </ClCompile>
    <ClCompile Include="..\html\examples\C\list3.c">
      <Filter>C</Filter>
    </ClCompile>
    <ClCompile Include="..\html\examples\C\dialogtaskbar.c">
      <Filter>C</Filter>
    </ClCompile>
    <ClCompile Include="..\html\examples\C\detachbox.c">
      <Filter>C</Filter>
    </ClCompile>
    <ClCompile Include="..\html\examples\C\backgroundbox.c">
      <Filter>C</Filter>
    </ClCompile>
    <ClCompile Include="..\html\examples\C\mgllabel.c">
      <Filter>C</Filter>
    </ClCompile>
    <ClCompile Include="..\html\examples\tutorial\example2_1.c">
      <Filter>Tutorial\C</Filter>
    </ClCompile>
    <ClCompile Include="..\html\examples\tutorial\example2_2.c">
      <Filter>Tutorial\C</Filter>
    </ClCompile>
    <ClCompile Include="..\html\examples\tutorial\example2_3.c">
      <Filter>Tutorial\C</Filter>
    </ClCompile>
    <ClCompile Include="..\html\examples\tutorial\example2_4.c">
      <Filter>Tutorial\C</Filter>
    </ClCompile>
    <ClCompile Include="..\html\examples\tutorial\example2_5.c">
      <Filter>Tutorial\C</Filter>
    </ClCompile>
    <ClCompile Include="..\html\examples\tutorial\example2_5a.c">
      <Filter>Tutorial\C</Filter>
    </ClCompile>
    <ClCompile Include="..\html\examples\tutorial\example3_1.c">
      <Filter>Tutorial\C</Filter>
    </ClCompile>
    <ClCompile Include="..\html\examples\tutorial\example3_2.c">
      <Filter>Tutorial\C</Filter>
    </ClCompile>
    <ClCompile Include="..\html\examples\tutorial\example3_3.c">
      <Filter>Tutorial\C</Filter>
    </ClCompile>
    <ClCompile Include="..\html\examples\tutorial\example3_4.c">
      <Filter>Tutorial\C</Filter>
    </ClCompile>
    <ClCompile Include="..\html\examples\tutorial\example3_5.c">
      <Filter>Tutorial\C</Filter>
    </ClCompile>
    <ClCompile Include="..\html\examples\tutorial\example3_6.c">
      <Filter>Tutorial\C</Filter>
    </ClCompile>
    <ClCompile Include="..\html\examples\tutorial\example3_7.c">
      <Filter>Tutorial\C</Filter>
    </ClCompile>
    <ClCompile Include="..\html\examples\tutorial\example3_8.c">
      <Filter>Tutorial\C</Filter>
    </ClCompile>
    <ClCompile Include="..\html\examples\tutorial\example3_9.c">
      <Filter>Tutorial\C</Filter>
    </ClCompile>
    <ClCompile Include="..\html\examples\tutorial\example3_10.c">
      <Filter>Tutorial\C</Filter>
    </ClCompile>
    <ClCompile Include="..\html\examples\tutorial\example3_11.c">
      <Filter>Tutorial\C</Filter>
    </ClCompile>
    <ClCompile Include="..\html\examples\tutorial\example4_1.c">
      <Filter>Tutorial\C</Filter>
    </ClCompile>
    <ClCompile Include="..\html\examples\tutorial\example4_2.c">
      <Filter>Tutorial\C</Filter>
    </ClCompile>
    <ClCompile Include="..\html\examples\tutorial\example4_3.c">
      <Filter>Tutorial\C</Filter>
    </ClCompile>
    <ClCompile Include="..\html\examples\tutorial\example4_4.c">
      <Filter>Tutorial\C</Filter>
    </ClCompile>
    <ClCompile Include="..\html\examples\tutorial\example4_5.c">
      <Filter>Tutorial\C</Filter>
    </ClCompile>
    <ClCompile Include="..\html\examples\tutorial\simple_notepad.c">
      <Filter>Tutorial\C</Filter>
    </ClCompile>
    <ClCompile Include="..\html\examples\tutorial\simple_paint.c">
      <Filter>Tutorial\C</Filter>
    </ClCompile>
    <ClCompile Include="..\html\examples\tutorial\simple_paint1.cpp">
      <Filter>Tutorial\CPP1</Filter>
    </ClCompile>
    <ClCompile Include="..\html\examples\C\plot.c">
      <Filter>C</Filter>
    </ClCompile>
    <ClCompile Include="..\html\examples\CPP\alarm.cpp">
      <Filter>CPP</Filter>
    </ClCompile>
    <ClCompile Include="..\html\examples\CPP\backgroundbox.cpp">
      <Filter>CPP</Filter>
    </ClCompile>
    <ClCompile Include="..\html\examples\CPP\message.cpp">
      <Filter>CPP</Filter>
    </ClCompile>
    <ClCompile Include="..\html\examples\CPP\getcolor.cpp">
      <Filter>CPP</Filter>
    </ClCompile>
    <ClCompile Include="..\html\examples\CPP\sbox.cpp">
      <Filter>CPP</Filter>
    </ClCompile>
    <ClCompile Include="..\html\examples\CPP\mgllabel.cpp">
      <Filter>CPP</Filter>
    </ClCompile>
    <ClCompile Include="..\html\examples\CPP\mask.cpp">
      <Filter>CPP</Filter>
    </ClCompile>
    <ClCompile Include="..\html\examples\CPP\getfile.cpp">
      <Filter>CPP</Filter>
    </ClCompile>
    <ClCompile Include="..\html\examples\CPP\filedlg.cpp">
      <Filter>CPP</Filter>
    </ClCompile>
    <ClCompile Include="..\html\examples\CPP\multiline1.cpp">
      <Filter>CPP</Filter>
    </ClCompile>
    <ClCompile Include="..\html\examples\CPP\split1.cpp">
      <Filter>CPP</Filter>
    </ClCompile>
    <ClCompile Include="..\html\examples\CPP\dialog2.cpp">
      <Filter>CPP</Filter>
    </ClCompile>
    <ClCompile Include="..\html\examples\CPP\timer.cpp">
      <Filter>CPP</Filter>
    </ClCompile>
    <ClCompile Include="..\html\examples\CPP\ole_browser.cpp">
      <Filter>CPP</Filter>
    </ClCompile>
    <ClCompile Include="..\html\examples\CPP\frame.cpp">
      <Filter>CPP</Filter>
    </ClCompile>
    <ClCompile Include="..\html\examples\CPP\listdialog.cpp">
      <Filter>CPP</Filter>
    </ClCompile>
    <ClCompile Include="..\html\examples\CPP\expander.cpp">
      <Filter>CPP</Filter>
    </ClCompile>
    <ClCompile Include="..\html\examples\CPP\radio.cpp">
      <Filter>CPP</Filter>
    </ClCompile>
    <ClCompile Include="..\html\examples\CPP\tabs.cpp">
      <Filter>CPP</Filter>
    </ClCompile>
    <ClCompile Include="..\html\examples\CPP\menu.cpp">
      <Filter>CPP</Filter>
    </ClCompile>
    <ClCompile Include="..\html\examples\CPP\matrix.cpp">
      <Filter>CPP</Filter>
    </ClCompile>
    <ClCompile Include="..\html\examples\CPP\text.cpp">
      <Filter>CPP</Filter>
    </ClCompile>
    <ClCompile Include="..\html\examples\CPP\fill.cpp">
      <Filter>CPP</Filter>
    </ClCompile>
    <ClCompile Include="..\html\examples\CPP\sbox2.cpp">
      <Filter>CPP</Filter>
    </ClCompile>
    <ClCompile Include="..\html\examples\CPP\glcanvas.cpp">
      <Filter>CPP</Filter>
    </ClCompile>
    <ClCompile Include="..\html\examples\CPP\getxy_showxy.cpp">
      <Filter>CPP</Filter>
    </ClCompile>
    <ClCompile Include="..\html\examples\CPP\cells_checkboard.cpp">
      <Filter>CPP</Filter>
    </ClCompile>
    <ClCompile Include="..\html\examples\CPP\cells_numbering.cpp">
      <Filter>CPP</Filter>
    </ClCompile>
    <ClCompile Include="..\html\examples\CPP\canvas3.cpp">
      <Filter>CPP</Filter>
    </ClCompile>
    <ClCompile Include="..\html\examples\CPP\zbox.cpp">
      <Filter>CPP</Filter>
    </ClCompile>
    <ClCompile Include="..\html\examples\CPP\val.cpp">
      <Filter>CPP</Filter>
    </ClCompile>
    <ClCompile Include="..\html\examples\C\gridbox2.c">
      <Filter>C</Filter>
    </ClCompile>
  </ItemGroup>
  <ItemGroup>
    <None Include="..\html\examples\Lua\alarm.wlua">
      <Filter>Lua</Filter>
    </None>
    <None Include="..\html\examples\Lua\button.wlua">
      <Filter>Lua</Filter>
    </None>
    <None Include="..\html\examples\Lua\canvas.wlua">
      <Filter>Lua</Filter>
    </None>
    <None Include="..\html\examples\Lua\colorbrowser.wlua">
      <Filter>Lua</Filter>
    </None>
    <None Include="..\html\examples\Lua\console.wlua">
      <Filter>Lua</Filter>
    </None>
    <None Include="..\html\examples\Lua\dial.wlua">
      <Filter>Lua</Filter>
    </None>
    <None Include="..\html\examples\Lua\dialog.wlua">
      <Filter>Lua</Filter>
    </None>
    <None Include="..\html\examples\Lua\filedlg.wlua">
      <Filter>Lua</Filter>
    </None>
    <None Include="..\html\examples\Lua\fill.wlua">
      <Filter>Lua</Filter>
    </None>
    <None Include="..\html\examples\Lua\fonts.wlua">
      <Filter>Lua</Filter>
    </None>
    <None Include="..\html\examples\Lua\frame.wlua">
      <Filter>Lua</Filter>
    </None>
    <None Include="..\html\examples\Lua\gauge.wlua">
      <Filter>Lua</Filter>
    </None>
    <None Include="..\html\examples\Lua\getcolor.wlua">
      <Filter>Lua</Filter>
    </None>
    <None Include="..\html\examples\Lua\getfile.wlua">
      <Filter>Lua</Filter>
    </None>
    <None Include="..\html\examples\Lua\getparam.wlua">
      <Filter>Lua</Filter>
    </None>
    <None Include="..\html\examples\Lua\glcanvas.wlua">
      <Filter>Lua</Filter>
    </None>
    <None Include="..\html\examples\Lua\hbox.wlua">
      <Filter>Lua</Filter>
    </None>
    <None Include="..\html\examples\Lua\idle.wlua">
      <Filter>Lua</Filter>
    </None>
    <None Include="..\html\examples\Lua\image.wlua">
      <Filter>Lua</Filter>
    </None>
    <None Include="..\html\examples\Lua\imagelib.wlua">
      <Filter>Lua</Filter>
    </None>
    <None Include="..\html\examples\Lua\item.wlua">
      <Filter>Lua</Filter>
    </None>
    <None Include="..\html\examples\Lua\label.wlua">
      <Filter>Lua</Filter>
    </None>
    <None Include="..\html\examples\Lua\list.wlua">
      <Filter>Lua</Filter>
    </None>
    <None Include="..\html\examples\Lua\listdialog.wlua">
      <Filter>Lua</Filter>
    </None>
    <None Include="..\html\examples\Lua\luagl.wlua">
      <Filter>Lua</Filter>
    </None>
    <None Include="..\html\examples\Lua\mask.wlua">
      <Filter>Lua</Filter>
    </None>
    <None Include="..\html\examples\Lua\mask_matrix.wlua">
      <Filter>Lua</Filter>
    </None>
    <None Include="..\html\examples\Lua\matrix.wlua">
      <Filter>Lua</Filter>
    </None>
    <None Include="..\html\examples\Lua\matrix_cbmode.wlua">
      <Filter>Lua</Filter>
    </None>
    <None Include="..\html\examples\Lua\menu.wlua">
      <Filter>Lua</Filter>
    </None>
    <None Include="..\html\examples\Lua\message.wlua">
      <Filter>Lua</Filter>
    </None>
    <None Include="..\html\examples\Lua\multiline.wlua">
      <Filter>Lua</Filter>
    </None>
    <None Include="..\html\examples\Lua\radio.wlua">
      <Filter>Lua</Filter>
    </None>
    <None Include="..\html\examples\Lua\sample.wlua">
      <Filter>Lua</Filter>
    </None>
    <None Include="..\html\examples\Lua\sbox.wlua">
      <Filter>Lua</Filter>
    </None>
    <None Include="..\html\examples\Lua\scanf.wlua">
      <Filter>Lua</Filter>
    </None>
    <None Include="..\html\examples\Lua\separator.wlua">
      <Filter>Lua</Filter>
    </None>
    <None Include="..\html\examples\Lua\submenu.wlua">
      <Filter>Lua</Filter>
    </None>
    <None Include="..\html\examples\Lua\tabs.wlua">
      <Filter>Lua</Filter>
    </None>
    <None Include="..\html\examples\Lua\text.wlua">
      <Filter>Lua</Filter>
    </None>
    <None Include="..\html\examples\Lua\timer.wlua">
      <Filter>Lua</Filter>
    </None>
    <None Include="..\html\examples\Lua\toggle.wlua">
      <Filter>Lua</Filter>
    </None>
    <None Include="..\html\examples\Lua\tray.wlua">
      <Filter>Lua</Filter>
    </None>
    <None Include="..\html\examples\Lua\tree1.wlua">
      <Filter>Lua</Filter>
    </None>
    <None Include="..\html\examples\Lua\tree2.wlua">
      <Filter>Lua</Filter>
    </None>
    <None Include="..\html\examples\Lua\tree3.wlua">
      <Filter>Lua</Filter>
    </None>
    <None Include="..\html\examples\Lua\val.wlua">
      <Filter>Lua</Filter>
    </None>
    <None Include="..\html\examples\Lua\vbox.wlua">
      <Filter>Lua</Filter>
    </None>
    <None Include="..\html\examples\Lua\zbox.wlua">
      <Filter>Lua</Filter>
    </None>
    <None Include="..\html\examples\LED\button.led">
      <Filter>LED</Filter>
    </None>
    <None Include="..\html\examples\LED\canvas.led">
      <Filter>LED</Filter>
    </None>
    <None Include="..\html\examples\LED\colorbrowser.led">
      <Filter>LED</Filter>
    </None>
    <None Include="..\html\examples\LED\dial.led">
      <Filter>LED</Filter>
    </None>
    <None Include="..\html\examples\LED\dialog.led">
      <Filter>LED</Filter>
    </None>
    <None Include="..\html\examples\LED\filedlg.led">
      <Filter>LED</Filter>
    </None>
    <None Include="..\html\examples\LED\fill.led">
      <Filter>LED</Filter>
    </None>
    <None Include="..\html\examples\LED\frame.led">
      <Filter>LED</Filter>
    </None>
    <None Include="..\html\examples\LED\gauge.led">
      <Filter>LED</Filter>
    </None>
    <None Include="..\html\examples\LED\hbox.led">
      <Filter>LED</Filter>
    </None>
    <None Include="..\html\examples\LED\image.led">
      <Filter>LED</Filter>
    </None>
    <None Include="..\html\examples\LED\label.led">
      <Filter>LED</Filter>
    </None>
    <None Include="..\html\examples\LED\list.led">
      <Filter>LED</Filter>
    </None>
    <None Include="..\html\examples\LED\matrix.led">
      <Filter>LED</Filter>
    </None>
    <None Include="..\html\examples\LED\menu.led">
      <Filter>LED</Filter>
    </None>
    <None Include="..\html\examples\LED\radio.led">
      <Filter>LED</Filter>
    </None>
    <None Include="..\html\examples\LED\sample.led">
      <Filter>LED</Filter>
    </None>
    <None Include="..\html\examples\LED\submenu.led">
      <Filter>LED</Filter>
    </None>
    <None Include="..\html\examples\LED\tabs.led">
      <Filter>LED</Filter>
    </None>
    <None Include="..\html\examples\LED\text.led">
      <Filter>LED</Filter>
    </None>
    <None Include="..\html\examples\LED\toggle.led">
      <Filter>LED</Filter>
    </None>
    <None Include="..\html\examples\LED\val.led">
      <Filter>LED</Filter>
    </None>
    <None Include="..\html\examples\LED\vbox.led">
      <Filter>LED</Filter>
    </None>
    <None Include="..\html\examples\LED\zbox.led">
      <Filter>LED</Filter>
    </None>
    <None Include="..\html\examples\tutorial\example2_4.lua">
      <Filter>Tutorial\Lua</Filter>
    </None>
    <None Include="..\html\examples\tutorial\example2_5.lua">
      <Filter>Tutorial\Lua</Filter>
    </None>
    <None Include="..\html\examples\tutorial\example2_5a.lua">
      <Filter>Tutorial\Lua</Filter>
    </None>
    <None Include="..\html\examples\tutorial\example3_1.lua">
      <Filter>Tutorial\Lua</Filter>
    </None>
    <None Include="..\html\examples\tutorial\example3_2.lua">
      <Filter>Tutorial\Lua</Filter>
    </None>
    <None Include="..\html\examples\tutorial\example3_3.lua">
      <Filter>Tutorial\Lua</Filter>
    </None>
    <None Include="..\html\examples\tutorial\example3_4.lua">
      <Filter>Tutorial\Lua</Filter>
    </None>
    <None Include="..\html\examples\tutorial\example3_5.lua">
      <Filter>Tutorial\Lua</Filter>
    </None>
    <None Include="..\html\examples\tutorial\example3_6.lua">
      <Filter>Tutorial\Lua</Filter>
    </None>
    <None Include="..\html\examples\tutorial\example3_7.lua">
      <Filter>Tutorial\Lua</Filter>
    </None>
    <None Include="..\html\examples\tutorial\example3_8.lua">
      <Filter>Tutorial\Lua</Filter>
    </None>
    <None Include="..\html\examples\tutorial\example3_9.lua">
      <Filter>Tutorial\Lua</Filter>
    </None>
    <None Include="..\html\examples\tutorial\example3_10.lua">
      <Filter>Tutorial\Lua</Filter>
    </None>
    <None Include="..\html\examples\tutorial\example3_11.lua">
      <Filter>Tutorial\Lua</Filter>
    </None>
    <None Include="..\html\examples\tutorial\example4_1.lua">
      <Filter>Tutorial\Lua</Filter>
    </None>
    <None Include="..\html\examples\tutorial\example4_2.lua">
      <Filter>Tutorial\Lua</Filter>
    </None>
    <None Include="..\html\examples\tutorial\example4_3.lua">
      <Filter>Tutorial\Lua</Filter>
    </None>
    <None Include="..\html\examples\tutorial\example4_4.lua">
      <Filter>Tutorial\Lua</Filter>
    </None>
    <None Include="..\html\examples\tutorial\example4_5.lua">
      <Filter>Tutorial\Lua</Filter>
    </None>
    <None Include="..\html\examples\tutorial\simple_notepad.lua">
      <Filter>Tutorial\Lua</Filter>
    </None>
    <None Include="..\html\examples\tutorial\example2_1.lua">
      <Filter>Tutorial\Lua</Filter>
    </None>
    <None Include="..\html\examples\tutorial\example2_2.lua">
      <Filter>Tutorial\Lua</Filter>
    </None>
    <None Include="..\html\examples\tutorial\example2_3.lua">
      <Filter>Tutorial\Lua</Filter>
    </None>
    <None Include="..\html\examples\tutorial\simple_paint.lua">
      <Filter>Tutorial\Lua</Filter>
    </None>
  </ItemGroup>
  <ItemGroup>
    <ResourceCompile Include="..\html\examples\tests\iuptest.rc" />
  </ItemGroup>
</Project>