<?xml version="1.0" encoding="utf-8"?>
<Project ToolsVersion="4.0" xmlns="http://schemas.microsoft.com/developer/msbuild/2003">
  <ItemGroup>
    <Filter Include="Source Files">
      <UniqueIdentifier>{b1d188e4-1a07-49a8-8b92-7dc1e88a8e9d}</UniqueIdentifier>
      <Extensions>cpp;c;cxx;rc;def;r;odl;hpj;bat;for;f90</Extensions>
    </Filter>
    <Filter Include="Lua">
      <UniqueIdentifier>{ab2beae6-ba02-47df-9209-e50bef2de78d}</UniqueIdentifier>
    </Filter>
    <Filter Include="Includes">
      <UniqueIdentifier>{429e9245-eeb7-4e7c-9e9e-34cbb66ebdb4}</UniqueIdentifier>
    </Filter>
  </ItemGroup>
  <ItemGroup>
    <ClCompile Include="..\srclua5\ctrl\il_pplot.c">
      <Filter>Source Files</Filter>
    </ClCompile>
    <ClCompile Include="..\srclua5\ctrl\iuplua_pplot.c">
      <Filter>Source Files</Filter>
    </ClCompile>
  </ItemGroup>
  <ItemGroup>
    <None Include="..\srclua5\ctrl\iuplua_pplot.def">
      <Filter>Source Files</Filter>
    </None>
    <None Include="..\srclua5\ctrl\pplot.lua">
      <Filter>Lua</Filter>
    </None>
  </ItemGroup>
  <ItemGroup>
    <ClInclude Include="..\include\iuplua_pplot.h">
      <Filter>Includes</Filter>
    </ClInclude>
  </ItemGroup>
</Project>