<?xml version="1.0" encoding="utf-8"?>
<Project ToolsVersion="4.0" xmlns="http://schemas.microsoft.com/developer/msbuild/2003">
  <ItemGroup>
    <Filter Include="TUIO">
      <UniqueIdentifier>{d70ffe8e-702a-4b9a-90c9-a95aa88fd0b5}</UniqueIdentifier>
    </Filter>
    <Filter Include="TUIO\inc">
      <UniqueIdentifier>{96aa249b-c3e8-4eea-9af1-1a042a052a74}</UniqueIdentifier>
    </Filter>
    <Filter Include="oscpack">
      <UniqueIdentifier>{d3e1b0a8-c9d4-4b97-97d3-df082b20526f}</UniqueIdentifier>
    </Filter>
    <Filter Include="oscpack\ip">
      <UniqueIdentifier>{f356da12-cf43-4d06-b35f-eda05981dc0d}</UniqueIdentifier>
    </Filter>
    <Filter Include="oscpack\osc">
      <UniqueIdentifier>{08306ed4-31b2-4a74-af62-05501a1bb7ed}</UniqueIdentifier>
    </Filter>
  </ItemGroup>
  <ItemGroup>
    <ClCompile Include="..\srctuio\tuio\TuioClient.cpp">
      <Filter>TUIO</Filter>
    </ClCompile>
    <ClCompile Include="..\srctuio\tuio\TuioServer.cpp">
      <Filter>TUIO</Filter>
    </ClCompile>
    <ClCompile Include="..\srctuio\tuio\TuioTime.cpp">
      <Filter>TUIO</Filter>
    </ClCompile>
    <ClCompile Include="..\srctuio\oscpack\ip\IpEndpointName.cpp">
      <Filter>oscpack\ip</Filter>
    </ClCompile>
    <ClCompile Include="..\srctuio\oscpack\ip\win32\NetworkingUtils.cpp">
      <Filter>oscpack\ip</Filter>
    </ClCompile>
    <ClCompile Include="..\srctuio\oscpack\ip\win32\UdpSocket.cpp">
      <Filter>oscpack\ip</Filter>
    </ClCompile>
    <ClCompile Include="..\srctuio\oscpack\osc\OscOutboundPacketStream.cpp">
      <Filter>oscpack\osc</Filter>
    </ClCompile>
    <ClCompile Include="..\srctuio\oscpack\osc\OscPrintReceivedElements.cpp">
      <Filter>oscpack\osc</Filter>
    </ClCompile>
    <ClCompile Include="..\srctuio\oscpack\osc\OscReceivedElements.cpp">
      <Filter>oscpack\osc</Filter>
    </ClCompile>
    <ClCompile Include="..\srctuio\oscpack\osc\OscTypes.cpp">
      <Filter>oscpack\osc</Filter>
    </ClCompile>
    <ClCompile Include="..\srctuio\iup_tuio.cpp" />
  </ItemGroup>
  <ItemGroup>
    <ClInclude Include="..\srctuio\tuio\TuioClient.h">
      <Filter>TUIO\inc</Filter>
    </ClInclude>
    <ClInclude Include="..\srctuio\tuio\TuioContainer.h">
      <Filter>TUIO\inc</Filter>
    </ClInclude>
    <ClInclude Include="..\srctuio\tuio\TuioCursor.h">
      <Filter>TUIO\inc</Filter>
    </ClInclude>
    <ClInclude Include="..\srctuio\tuio\TuioListener.h">
      <Filter>TUIO\inc</Filter>
    </ClInclude>
    <ClInclude Include="..\srctuio\tuio\TuioObject.h">
      <Filter>TUIO\inc</Filter>
    </ClInclude>
    <ClInclude Include="..\srctuio\tuio\TuioPoint.h">
      <Filter>TUIO\inc</Filter>
    </ClInclude>
    <ClInclude Include="..\srctuio\tuio\TuioServer.h">
      <Filter>TUIO\inc</Filter>
    </ClInclude>
    <ClInclude Include="..\srctuio\tuio\TuioTime.h">
      <Filter>TUIO\inc</Filter>
    </ClInclude>
    <ClInclude Include="..\srctuio\oscpack\ip\IpEndpointName.h">
      <Filter>oscpack\ip</Filter>
    </ClInclude>
    <ClInclude Include="..\srctuio\oscpack\ip\NetworkingUtils.h">
      <Filter>oscpack\ip</Filter>
    </ClInclude>
    <ClInclude Include="..\srctuio\oscpack\ip\PacketListener.h">
      <Filter>oscpack\ip</Filter>
    </ClInclude>
    <ClInclude Include="..\srctuio\oscpack\ip\TimerListener.h">
      <Filter>oscpack\ip</Filter>
    </ClInclude>
    <ClInclude Include="..\srctuio\oscpack\ip\UdpSocket.h">
      <Filter>oscpack\ip</Filter>
    </ClInclude>
    <ClInclude Include="..\srctuio\oscpack\osc\MessageMappingOscPacketListener.h">
      <Filter>oscpack\osc</Filter>
    </ClInclude>
    <ClInclude Include="..\srctuio\oscpack\osc\OscException.h">
      <Filter>oscpack\osc</Filter>
    </ClInclude>
    <ClInclude Include="..\srctuio\oscpack\osc\OscHostEndianness.h">
      <Filter>oscpack\osc</Filter>
    </ClInclude>
    <ClInclude Include="..\srctuio\oscpack\osc\OscOutboundPacketStream.h">
      <Filter>oscpack\osc</Filter>
    </ClInclude>
    <ClInclude Include="..\srctuio\oscpack\osc\OscPacketListener.h">
      <Filter>oscpack\osc</Filter>
    </ClInclude>
    <ClInclude Include="..\srctuio\oscpack\osc\OscPrintReceivedElements.h">
      <Filter>oscpack\osc</Filter>
    </ClInclude>
    <ClInclude Include="..\srctuio\oscpack\osc\OscReceivedElements.h">
      <Filter>oscpack\osc</Filter>
    </ClInclude>
    <ClInclude Include="..\srctuio\oscpack\osc\OscTypes.h">
      <Filter>oscpack\osc</Filter>
    </ClInclude>
    <ClInclude Include="..\include\iuptuio.h" />
  </ItemGroup>
  <ItemGroup>
    <None Include="..\srctuio\iuptuio.def" />
  </ItemGroup>
</Project>